
Microsoft Visual Studio Solution File, Format Version 12.00
# Visual Studio Version 17
VisualStudioVersion = 17.0.31512.422
MinimumVisualStudioVersion = 15.0.26124.0
Project("{2150E333-8FDC-42A3-9474-1A3956D46DE8}") = "src", "src", "{D4680C7F-7B7A-43C0-9E4A-0B8D0F651249}"
EndProject
Project("{9A19103F-16F7-4668-BE54-9A1E7A4F7556}") = "Aspire", "src\Aspire\Aspire.csproj", "{5B9B3FC6-1BFC-46FB-9A17-97672109E084}"
EndProject
Project("{9A19103F-16F7-4668-BE54-9A1E7A4F7556}") = "Aspire.Account", "src\Aspire.Account\Aspire.Account.csproj", "{8FACF5BA-15B4-4988-8609-D648ED0C0E54}"
EndProject
Project("{9A19103F-16F7-4668-BE54-9A1E7A4F7556}") = "Aspire.AppService", "src\Aspire.AppService\Aspire.AppService.csproj", "{D82573B2-8FEA-4028-B626-E379A9383EC8}"
EndProject
Project("{9A19103F-16F7-4668-BE54-9A1E7A4F7556}") = "Aspire.AppService.Crud", "src\Aspire.AppService.Crud\Aspire.AppService.Crud.csproj", "{1CDAD956-1110-444D-8FD4-D883B9E5C864}"
EndProject
Project("{9A19103F-16F7-4668-BE54-9A1E7A4F7556}") = "Aspire.Logger.Abstract", "src\Aspire.Logger.Abstract\Aspire.Logger.Abstract.csproj", "{CF692FC8-A460-441A-BC1E-A28E4F52E6BA}"
EndProject
Project("{9A19103F-16F7-4668-BE54-9A1E7A4F7556}") = "Aspire.Mapper.Abstract", "src\Aspire.Mapper.Abstract\Aspire.Mapper.Abstract.csproj", "{4FE00EFA-F320-4503-B494-02901040786C}"
EndProject
Project("{9A19103F-16F7-4668-BE54-9A1E7A4F7556}") = "Aspire.Mapper.AutoMapper", "src\Aspire.Mapper.AutoMapper\Aspire.Mapper.AutoMapper.csproj", "{A8DA6DEF-FE40-4275-8FF4-9EAB1B15AA31}"
EndProject
Project("{9A19103F-16F7-4668-BE54-9A1E7A4F7556}") = "Aspire.Repository.Abstract", "src\Aspire.Repository.Abstract\Aspire.Repository.Abstract.csproj", "{97825609-1D51-4460-AB6F-BC220637F3E2}"
EndProject
Project("{9A19103F-16F7-4668-BE54-9A1E7A4F7556}") = "Aspire.Repository.FreeSql", "src\Aspire.Repository.FreeSql\Aspire.Repository.FreeSql.csproj", "{B541D976-A329-4A3B-A45E-88245D969420}"
EndProject
Project("{9A19103F-16F7-4668-BE54-9A1E7A4F7556}") = "Aspire.Utility", "src\Aspire.Utility\Aspire.Utility.csproj", "{A96CDFE2-E5E3-451E-BE0D-2B5944C8A06F}"
EndProject
Project("{2150E333-8FDC-42A3-9474-1A3956D46DE8}") = "template", "template", "{3AA30910-7C3E-49E4-A654-042185F5EF21}"
EndProject
Project("{9A19103F-16F7-4668-BE54-9A1E7A4F7556}") = "template_1qaz2wsx3edc.AppService", "template\template_1qaz2wsx3edc.AppService\template_1qaz2wsx3edc.AppService.csproj", "{859F3C9C-D15A-4F2E-82FD-DBAA6267CD69}"
EndProject
Project("{9A19103F-16F7-4668-BE54-9A1E7A4F7556}") = "template_1qaz2wsx3edc.Core", "template\template_1qaz2wsx3edc.Core\template_1qaz2wsx3edc.Core.csproj", "{EEBC6B98-5777-4BEA-AF7E-DF7BA56BB3E7}"
EndProject
Project("{9A19103F-16F7-4668-BE54-9A1E7A4F7556}") = "template_1qaz2wsx3edc.Entity", "template\template_1qaz2wsx3edc.Entity\template_1qaz2wsx3edc.Entity.csproj", "{141E68D7-67BD-4C8F-AB6C-C1A141B797BF}"
EndProject
Project("{9A19103F-16F7-4668-BE54-9A1E7A4F7556}") = "template_1qaz2wsx3edc.HostApi", "template\template_1qaz2wsx3edc.HostApi\template_1qaz2wsx3edc.HostApi.csproj", "{526DC81F-BD02-4FE9-8082-43AABE63A752}"
EndProject
Project("{9A19103F-16F7-4668-BE54-9A1E7A4F7556}") = "Aspire.AppService.Swagger", "src\Aspire.AppService.Swagger\Aspire.AppService.Swagger.csproj", "{C20C4F07-B434-46D8-B9D0-8173FE366D5F}"
EndProject
Project("{9A19103F-16F7-4668-BE54-9A1E7A4F7556}") = "Aspire.Repository.Entity", "src\Aspire.Repository.Entity\Aspire.Repository.Entity.csproj", "{E3E64FAD-5CB0-43D9-BEF9-16BFACE42CE2}"
EndProject
Project("{9A19103F-16F7-4668-BE54-9A1E7A4F7556}") = "Aspire.Repository.FreeSql.Entity", "src\Aspire.Repository.FreeSql.Entity\Aspire.Repository.FreeSql.Entity.csproj", "{C69BEC79-1E92-4179-9931-2C005AE9CA9C}"
EndProject
Project("{2150E333-8FDC-42A3-9474-1A3956D46DE8}") = "Solution Items", "Solution Items", "{D9F36F7F-6706-441E-B248-B35BACB2A929}"
	ProjectSection(SolutionItems) = preProject
		.editorconfig = .editorconfig
	EndProjectSection
EndProject
Project("{FAE04EC0-301F-11D3-BF4B-00C04F79EFBC}") = "Aspire.AppService.Auth", "src\Aspire.AppService.Auth\Aspire.AppService.Auth.csproj", "{D6CB7B39-5127-4164-A746-18845D74DBA3}"
EndProject
Project("{FAE04EC0-301F-11D3-BF4B-00C04F79EFBC}") = "Aspire.AppService.RequestLog", "src\Aspire.AppService.RequestLog\Aspire.AppService.RequestLog.csproj", "{A874090B-E9BB-4C0C-B402-0023A455ED1F}"
EndProject
Project("{FAE04EC0-301F-11D3-BF4B-00C04F79EFBC}") = "Aspire.AppService.ResponseLog", "src\Aspire.AppService.ResponseLog\Aspire.AppService.ResponseLog.csproj", "{0733C479-A85C-4656-A7F9-BECE58928186}"
EndProject
Project("{FAE04EC0-301F-11D3-BF4B-00C04F79EFBC}") = "Aspire.Logger.Serilog", "src\Aspire.Logger.Serilog\Aspire.Logger.Serilog.csproj", "{BCCB9ECD-3271-4533-AFE1-4D3264B19BB0}"
EndProject
Global
	GlobalSection(SolutionConfigurationPlatforms) = preSolution
		Debug|Any CPU = Debug|Any CPU
		Debug|x64 = Debug|x64
		Debug|x86 = Debug|x86
		Release|Any CPU = Release|Any CPU
		Release|x64 = Release|x64
		Release|x86 = Release|x86
	EndGlobalSection
	GlobalSection(ProjectConfigurationPlatforms) = postSolution
		{5B9B3FC6-1BFC-46FB-9A17-97672109E084}.Debug|Any CPU.ActiveCfg = Debug|Any CPU
		{5B9B3FC6-1BFC-46FB-9A17-97672109E084}.Debug|Any CPU.Build.0 = Debug|Any CPU
		{5B9B3FC6-1BFC-46FB-9A17-97672109E084}.Debug|x64.ActiveCfg = Debug|Any CPU
		{5B9B3FC6-1BFC-46FB-9A17-97672109E084}.Debug|x64.Build.0 = Debug|Any CPU
		{5B9B3FC6-1BFC-46FB-9A17-97672109E084}.Debug|x86.ActiveCfg = Debug|Any CPU
		{5B9B3FC6-1BFC-46FB-9A17-97672109E084}.Debug|x86.Build.0 = Debug|Any CPU
		{5B9B3FC6-1BFC-46FB-9A17-97672109E084}.Release|Any CPU.ActiveCfg = Release|Any CPU
		{5B9B3FC6-1BFC-46FB-9A17-97672109E084}.Release|Any CPU.Build.0 = Release|Any CPU
		{5B9B3FC6-1BFC-46FB-9A17-97672109E084}.Release|x64.ActiveCfg = Release|Any CPU
		{5B9B3FC6-1BFC-46FB-9A17-97672109E084}.Release|x64.Build.0 = Release|Any CPU
		{5B9B3FC6-1BFC-46FB-9A17-97672109E084}.Release|x86.ActiveCfg = Release|Any CPU
		{5B9B3FC6-1BFC-46FB-9A17-97672109E084}.Release|x86.Build.0 = Release|Any CPU
		{8FACF5BA-15B4-4988-8609-D648ED0C0E54}.Debug|Any CPU.ActiveCfg = Debug|Any CPU
		{8FACF5BA-15B4-4988-8609-D648ED0C0E54}.Debug|Any CPU.Build.0 = Debug|Any CPU
		{8FACF5BA-15B4-4988-8609-D648ED0C0E54}.Debug|x64.ActiveCfg = Debug|Any CPU
		{8FACF5BA-15B4-4988-8609-D648ED0C0E54}.Debug|x64.Build.0 = Debug|Any CPU
		{8FACF5BA-15B4-4988-8609-D648ED0C0E54}.Debug|x86.ActiveCfg = Debug|Any CPU
		{8FACF5BA-15B4-4988-8609-D648ED0C0E54}.Debug|x86.Build.0 = Debug|Any CPU
		{8FACF5BA-15B4-4988-8609-D648ED0C0E54}.Release|Any CPU.ActiveCfg = Release|Any CPU
		{8FACF5BA-15B4-4988-8609-D648ED0C0E54}.Release|Any CPU.Build.0 = Release|Any CPU
		{8FACF5BA-15B4-4988-8609-D648ED0C0E54}.Release|x64.ActiveCfg = Release|Any CPU
		{8FACF5BA-15B4-4988-8609-D648ED0C0E54}.Release|x64.Build.0 = Release|Any CPU
		{8FACF5BA-15B4-4988-8609-D648ED0C0E54}.Release|x86.ActiveCfg = Release|Any CPU
		{8FACF5BA-15B4-4988-8609-D648ED0C0E54}.Release|x86.Build.0 = Release|Any CPU
		{D82573B2-8FEA-4028-B626-E379A9383EC8}.Debug|Any CPU.ActiveCfg = Debug|Any CPU
		{D82573B2-8FEA-4028-B626-E379A9383EC8}.Debug|Any CPU.Build.0 = Debug|Any CPU
		{D82573B2-8FEA-4028-B626-E379A9383EC8}.Debug|x64.ActiveCfg = Debug|Any CPU
		{D82573B2-8FEA-4028-B626-E379A9383EC8}.Debug|x64.Build.0 = Debug|Any CPU
		{D82573B2-8FEA-4028-B626-E379A9383EC8}.Debug|x86.ActiveCfg = Debug|Any CPU
		{D82573B2-8FEA-4028-B626-E379A9383EC8}.Debug|x86.Build.0 = Debug|Any CPU
		{D82573B2-8FEA-4028-B626-E379A9383EC8}.Release|Any CPU.ActiveCfg = Release|Any CPU
		{D82573B2-8FEA-4028-B626-E379A9383EC8}.Release|Any CPU.Build.0 = Release|Any CPU
		{D82573B2-8FEA-4028-B626-E379A9383EC8}.Release|x64.ActiveCfg = Release|Any CPU
		{D82573B2-8FEA-4028-B626-E379A9383EC8}.Release|x64.Build.0 = Release|Any CPU
		{D82573B2-8FEA-4028-B626-E379A9383EC8}.Release|x86.ActiveCfg = Release|Any CPU
		{D82573B2-8FEA-4028-B626-E379A9383EC8}.Release|x86.Build.0 = Release|Any CPU
		{1CDAD956-1110-444D-8FD4-D883B9E5C864}.Debug|Any CPU.ActiveCfg = Debug|Any CPU
		{1CDAD956-1110-444D-8FD4-D883B9E5C864}.Debug|Any CPU.Build.0 = Debug|Any CPU
		{1CDAD956-1110-444D-8FD4-D883B9E5C864}.Debug|x64.ActiveCfg = Debug|Any CPU
		{1CDAD956-1110-444D-8FD4-D883B9E5C864}.Debug|x64.Build.0 = Debug|Any CPU
		{1CDAD956-1110-444D-8FD4-D883B9E5C864}.Debug|x86.ActiveCfg = Debug|Any CPU
		{1CDAD956-1110-444D-8FD4-D883B9E5C864}.Debug|x86.Build.0 = Debug|Any CPU
		{1CDAD956-1110-444D-8FD4-D883B9E5C864}.Release|Any CPU.ActiveCfg = Release|Any CPU
		{1CDAD956-1110-444D-8FD4-D883B9E5C864}.Release|Any CPU.Build.0 = Release|Any CPU
		{1CDAD956-1110-444D-8FD4-D883B9E5C864}.Release|x64.ActiveCfg = Release|Any CPU
		{1CDAD956-1110-444D-8FD4-D883B9E5C864}.Release|x64.Build.0 = Release|Any CPU
		{1CDAD956-1110-444D-8FD4-D883B9E5C864}.Release|x86.ActiveCfg = Release|Any CPU
		{1CDAD956-1110-444D-8FD4-D883B9E5C864}.Release|x86.Build.0 = Release|Any CPU
		{CF692FC8-A460-441A-BC1E-A28E4F52E6BA}.Debug|Any CPU.ActiveCfg = Debug|Any CPU
		{CF692FC8-A460-441A-BC1E-A28E4F52E6BA}.Debug|Any CPU.Build.0 = Debug|Any CPU
		{CF692FC8-A460-441A-BC1E-A28E4F52E6BA}.Debug|x64.ActiveCfg = Debug|Any CPU
		{CF692FC8-A460-441A-BC1E-A28E4F52E6BA}.Debug|x64.Build.0 = Debug|Any CPU
		{CF692FC8-A460-441A-BC1E-A28E4F52E6BA}.Debug|x86.ActiveCfg = Debug|Any CPU
		{CF692FC8-A460-441A-BC1E-A28E4F52E6BA}.Debug|x86.Build.0 = Debug|Any CPU
		{CF692FC8-A460-441A-BC1E-A28E4F52E6BA}.Release|Any CPU.ActiveCfg = Release|Any CPU
		{CF692FC8-A460-441A-BC1E-A28E4F52E6BA}.Release|Any CPU.Build.0 = Release|Any CPU
		{CF692FC8-A460-441A-BC1E-A28E4F52E6BA}.Release|x64.ActiveCfg = Release|Any CPU
		{CF692FC8-A460-441A-BC1E-A28E4F52E6BA}.Release|x64.Build.0 = Release|Any CPU
		{CF692FC8-A460-441A-BC1E-A28E4F52E6BA}.Release|x86.ActiveCfg = Release|Any CPU
		{CF692FC8-A460-441A-BC1E-A28E4F52E6BA}.Release|x86.Build.0 = Release|Any CPU
		{4FE00EFA-F320-4503-B494-02901040786C}.Debug|Any CPU.ActiveCfg = Debug|Any CPU
		{4FE00EFA-F320-4503-B494-02901040786C}.Debug|Any CPU.Build.0 = Debug|Any CPU
		{4FE00EFA-F320-4503-B494-02901040786C}.Debug|x64.ActiveCfg = Debug|Any CPU
		{4FE00EFA-F320-4503-B494-02901040786C}.Debug|x64.Build.0 = Debug|Any CPU
		{4FE00EFA-F320-4503-B494-02901040786C}.Debug|x86.ActiveCfg = Debug|Any CPU
		{4FE00EFA-F320-4503-B494-02901040786C}.Debug|x86.Build.0 = Debug|Any CPU
		{4FE00EFA-F320-4503-B494-02901040786C}.Release|Any CPU.ActiveCfg = Release|Any CPU
		{4FE00EFA-F320-4503-B494-02901040786C}.Release|Any CPU.Build.0 = Release|Any CPU
		{4FE00EFA-F320-4503-B494-02901040786C}.Release|x64.ActiveCfg = Release|Any CPU
		{4FE00EFA-F320-4503-B494-02901040786C}.Release|x64.Build.0 = Release|Any CPU
		{4FE00EFA-F320-4503-B494-02901040786C}.Release|x86.ActiveCfg = Release|Any CPU
		{4FE00EFA-F320-4503-B494-02901040786C}.Release|x86.Build.0 = Release|Any CPU
		{A8DA6DEF-FE40-4275-8FF4-9EAB1B15AA31}.Debug|Any CPU.ActiveCfg = Debug|Any CPU
		{A8DA6DEF-FE40-4275-8FF4-9EAB1B15AA31}.Debug|Any CPU.Build.0 = Debug|Any CPU
		{A8DA6DEF-FE40-4275-8FF4-9EAB1B15AA31}.Debug|x64.ActiveCfg = Debug|Any CPU
		{A8DA6DEF-FE40-4275-8FF4-9EAB1B15AA31}.Debug|x64.Build.0 = Debug|Any CPU
		{A8DA6DEF-FE40-4275-8FF4-9EAB1B15AA31}.Debug|x86.ActiveCfg = Debug|Any CPU
		{A8DA6DEF-FE40-4275-8FF4-9EAB1B15AA31}.Debug|x86.Build.0 = Debug|Any CPU
		{A8DA6DEF-FE40-4275-8FF4-9EAB1B15AA31}.Release|Any CPU.ActiveCfg = Release|Any CPU
		{A8DA6DEF-FE40-4275-8FF4-9EAB1B15AA31}.Release|Any CPU.Build.0 = Release|Any CPU
		{A8DA6DEF-FE40-4275-8FF4-9EAB1B15AA31}.Release|x64.ActiveCfg = Release|Any CPU
		{A8DA6DEF-FE40-4275-8FF4-9EAB1B15AA31}.Release|x64.Build.0 = Release|Any CPU
		{A8DA6DEF-FE40-4275-8FF4-9EAB1B15AA31}.Release|x86.ActiveCfg = Release|Any CPU
		{A8DA6DEF-FE40-4275-8FF4-9EAB1B15AA31}.Release|x86.Build.0 = Release|Any CPU
		{97825609-1D51-4460-AB6F-BC220637F3E2}.Debug|Any CPU.ActiveCfg = Debug|Any CPU
		{97825609-1D51-4460-AB6F-BC220637F3E2}.Debug|Any CPU.Build.0 = Debug|Any CPU
		{97825609-1D51-4460-AB6F-BC220637F3E2}.Debug|x64.ActiveCfg = Debug|Any CPU
		{97825609-1D51-4460-AB6F-BC220637F3E2}.Debug|x64.Build.0 = Debug|Any CPU
		{97825609-1D51-4460-AB6F-BC220637F3E2}.Debug|x86.ActiveCfg = Debug|Any CPU
		{97825609-1D51-4460-AB6F-BC220637F3E2}.Debug|x86.Build.0 = Debug|Any CPU
		{97825609-1D51-4460-AB6F-BC220637F3E2}.Release|Any CPU.ActiveCfg = Release|Any CPU
		{97825609-1D51-4460-AB6F-BC220637F3E2}.Release|Any CPU.Build.0 = Release|Any CPU
		{97825609-1D51-4460-AB6F-BC220637F3E2}.Release|x64.ActiveCfg = Release|Any CPU
		{97825609-1D51-4460-AB6F-BC220637F3E2}.Release|x64.Build.0 = Release|Any CPU
		{97825609-1D51-4460-AB6F-BC220637F3E2}.Release|x86.ActiveCfg = Release|Any CPU
		{97825609-1D51-4460-AB6F-BC220637F3E2}.Release|x86.Build.0 = Release|Any CPU
		{B541D976-A329-4A3B-A45E-88245D969420}.Debug|Any CPU.ActiveCfg = Debug|Any CPU
		{B541D976-A329-4A3B-A45E-88245D969420}.Debug|Any CPU.Build.0 = Debug|Any CPU
		{B541D976-A329-4A3B-A45E-88245D969420}.Debug|x64.ActiveCfg = Debug|Any CPU
		{B541D976-A329-4A3B-A45E-88245D969420}.Debug|x64.Build.0 = Debug|Any CPU
		{B541D976-A329-4A3B-A45E-88245D969420}.Debug|x86.ActiveCfg = Debug|Any CPU
		{B541D976-A329-4A3B-A45E-88245D969420}.Debug|x86.Build.0 = Debug|Any CPU
		{B541D976-A329-4A3B-A45E-88245D969420}.Release|Any CPU.ActiveCfg = Release|Any CPU
		{B541D976-A329-4A3B-A45E-88245D969420}.Release|Any CPU.Build.0 = Release|Any CPU
		{B541D976-A329-4A3B-A45E-88245D969420}.Release|x64.ActiveCfg = Release|Any CPU
		{B541D976-A329-4A3B-A45E-88245D969420}.Release|x64.Build.0 = Release|Any CPU
		{B541D976-A329-4A3B-A45E-88245D969420}.Release|x86.ActiveCfg = Release|Any CPU
		{B541D976-A329-4A3B-A45E-88245D969420}.Release|x86.Build.0 = Release|Any CPU
		{A96CDFE2-E5E3-451E-BE0D-2B5944C8A06F}.Debug|Any CPU.ActiveCfg = Debug|Any CPU
		{A96CDFE2-E5E3-451E-BE0D-2B5944C8A06F}.Debug|Any CPU.Build.0 = Debug|Any CPU
		{A96CDFE2-E5E3-451E-BE0D-2B5944C8A06F}.Debug|x64.ActiveCfg = Debug|Any CPU
		{A96CDFE2-E5E3-451E-BE0D-2B5944C8A06F}.Debug|x64.Build.0 = Debug|Any CPU
		{A96CDFE2-E5E3-451E-BE0D-2B5944C8A06F}.Debug|x86.ActiveCfg = Debug|Any CPU
		{A96CDFE2-E5E3-451E-BE0D-2B5944C8A06F}.Debug|x86.Build.0 = Debug|Any CPU
		{A96CDFE2-E5E3-451E-BE0D-2B5944C8A06F}.Release|Any CPU.ActiveCfg = Release|Any CPU
		{A96CDFE2-E5E3-451E-BE0D-2B5944C8A06F}.Release|Any CPU.Build.0 = Release|Any CPU
		{A96CDFE2-E5E3-451E-BE0D-2B5944C8A06F}.Release|x64.ActiveCfg = Release|Any CPU
		{A96CDFE2-E5E3-451E-BE0D-2B5944C8A06F}.Release|x64.Build.0 = Release|Any CPU
		{A96CDFE2-E5E3-451E-BE0D-2B5944C8A06F}.Release|x86.ActiveCfg = Release|Any CPU
		{A96CDFE2-E5E3-451E-BE0D-2B5944C8A06F}.Release|x86.Build.0 = Release|Any CPU
		{859F3C9C-D15A-4F2E-82FD-DBAA6267CD69}.Debug|Any CPU.ActiveCfg = Debug|Any CPU
		{859F3C9C-D15A-4F2E-82FD-DBAA6267CD69}.Debug|Any CPU.Build.0 = Debug|Any CPU
		{859F3C9C-D15A-4F2E-82FD-DBAA6267CD69}.Debug|x64.ActiveCfg = Debug|Any CPU
		{859F3C9C-D15A-4F2E-82FD-DBAA6267CD69}.Debug|x64.Build.0 = Debug|Any CPU
		{859F3C9C-D15A-4F2E-82FD-DBAA6267CD69}.Debug|x86.ActiveCfg = Debug|Any CPU
		{859F3C9C-D15A-4F2E-82FD-DBAA6267CD69}.Debug|x86.Build.0 = Debug|Any CPU
		{859F3C9C-D15A-4F2E-82FD-DBAA6267CD69}.Release|Any CPU.ActiveCfg = Release|Any CPU
		{859F3C9C-D15A-4F2E-82FD-DBAA6267CD69}.Release|Any CPU.Build.0 = Release|Any CPU
		{859F3C9C-D15A-4F2E-82FD-DBAA6267CD69}.Release|x64.ActiveCfg = Release|Any CPU
		{859F3C9C-D15A-4F2E-82FD-DBAA6267CD69}.Release|x64.Build.0 = Release|Any CPU
		{859F3C9C-D15A-4F2E-82FD-DBAA6267CD69}.Release|x86.ActiveCfg = Release|Any CPU
		{859F3C9C-D15A-4F2E-82FD-DBAA6267CD69}.Release|x86.Build.0 = Release|Any CPU
		{EEBC6B98-5777-4BEA-AF7E-DF7BA56BB3E7}.Debug|Any CPU.ActiveCfg = Debug|Any CPU
		{EEBC6B98-5777-4BEA-AF7E-DF7BA56BB3E7}.Debug|Any CPU.Build.0 = Debug|Any CPU
		{EEBC6B98-5777-4BEA-AF7E-DF7BA56BB3E7}.Debug|x64.ActiveCfg = Debug|Any CPU
		{EEBC6B98-5777-4BEA-AF7E-DF7BA56BB3E7}.Debug|x64.Build.0 = Debug|Any CPU
		{EEBC6B98-5777-4BEA-AF7E-DF7BA56BB3E7}.Debug|x86.ActiveCfg = Debug|Any CPU
		{EEBC6B98-5777-4BEA-AF7E-DF7BA56BB3E7}.Debug|x86.Build.0 = Debug|Any CPU
		{EEBC6B98-5777-4BEA-AF7E-DF7BA56BB3E7}.Release|Any CPU.ActiveCfg = Release|Any CPU
		{EEBC6B98-5777-4BEA-AF7E-DF7BA56BB3E7}.Release|Any CPU.Build.0 = Release|Any CPU
		{EEBC6B98-5777-4BEA-AF7E-DF7BA56BB3E7}.Release|x64.ActiveCfg = Release|Any CPU
		{EEBC6B98-5777-4BEA-AF7E-DF7BA56BB3E7}.Release|x64.Build.0 = Release|Any CPU
		{EEBC6B98-5777-4BEA-AF7E-DF7BA56BB3E7}.Release|x86.ActiveCfg = Release|Any CPU
		{EEBC6B98-5777-4BEA-AF7E-DF7BA56BB3E7}.Release|x86.Build.0 = Release|Any CPU
		{141E68D7-67BD-4C8F-AB6C-C1A141B797BF}.Debug|Any CPU.ActiveCfg = Debug|Any CPU
		{141E68D7-67BD-4C8F-AB6C-C1A141B797BF}.Debug|Any CPU.Build.0 = Debug|Any CPU
		{141E68D7-67BD-4C8F-AB6C-C1A141B797BF}.Debug|x64.ActiveCfg = Debug|Any CPU
		{141E68D7-67BD-4C8F-AB6C-C1A141B797BF}.Debug|x64.Build.0 = Debug|Any CPU
		{141E68D7-67BD-4C8F-AB6C-C1A141B797BF}.Debug|x86.ActiveCfg = Debug|Any CPU
		{141E68D7-67BD-4C8F-AB6C-C1A141B797BF}.Debug|x86.Build.0 = Debug|Any CPU
		{141E68D7-67BD-4C8F-AB6C-C1A141B797BF}.Release|Any CPU.ActiveCfg = Release|Any CPU
		{141E68D7-67BD-4C8F-AB6C-C1A141B797BF}.Release|Any CPU.Build.0 = Release|Any CPU
		{141E68D7-67BD-4C8F-AB6C-C1A141B797BF}.Release|x64.ActiveCfg = Release|Any CPU
		{141E68D7-67BD-4C8F-AB6C-C1A141B797BF}.Release|x64.Build.0 = Release|Any CPU
		{141E68D7-67BD-4C8F-AB6C-C1A141B797BF}.Release|x86.ActiveCfg = Release|Any CPU
		{141E68D7-67BD-4C8F-AB6C-C1A141B797BF}.Release|x86.Build.0 = Release|Any CPU
		{526DC81F-BD02-4FE9-8082-43AABE63A752}.Debug|Any CPU.ActiveCfg = Debug|Any CPU
		{526DC81F-BD02-4FE9-8082-43AABE63A752}.Debug|Any CPU.Build.0 = Debug|Any CPU
		{526DC81F-BD02-4FE9-8082-43AABE63A752}.Debug|x64.ActiveCfg = Debug|Any CPU
		{526DC81F-BD02-4FE9-8082-43AABE63A752}.Debug|x64.Build.0 = Debug|Any CPU
		{526DC81F-BD02-4FE9-8082-43AABE63A752}.Debug|x86.ActiveCfg = Debug|Any CPU
		{526DC81F-BD02-4FE9-8082-43AABE63A752}.Debug|x86.Build.0 = Debug|Any CPU
		{526DC81F-BD02-4FE9-8082-43AABE63A752}.Release|Any CPU.ActiveCfg = Release|Any CPU
		{526DC81F-BD02-4FE9-8082-43AABE63A752}.Release|Any CPU.Build.0 = Release|Any CPU
		{526DC81F-BD02-4FE9-8082-43AABE63A752}.Release|x64.ActiveCfg = Release|Any CPU
		{526DC81F-BD02-4FE9-8082-43AABE63A752}.Release|x64.Build.0 = Release|Any CPU
		{526DC81F-BD02-4FE9-8082-43AABE63A752}.Release|x86.ActiveCfg = Release|Any CPU
		{526DC81F-BD02-4FE9-8082-43AABE63A752}.Release|x86.Build.0 = Release|Any CPU
		{C20C4F07-B434-46D8-B9D0-8173FE366D5F}.Debug|Any CPU.ActiveCfg = Debug|Any CPU
		{C20C4F07-B434-46D8-B9D0-8173FE366D5F}.Debug|Any CPU.Build.0 = Debug|Any CPU
		{C20C4F07-B434-46D8-B9D0-8173FE366D5F}.Debug|x64.ActiveCfg = Debug|Any CPU
		{C20C4F07-B434-46D8-B9D0-8173FE366D5F}.Debug|x64.Build.0 = Debug|Any CPU
		{C20C4F07-B434-46D8-B9D0-8173FE366D5F}.Debug|x86.ActiveCfg = Debug|Any CPU
		{C20C4F07-B434-46D8-B9D0-8173FE366D5F}.Debug|x86.Build.0 = Debug|Any CPU
		{C20C4F07-B434-46D8-B9D0-8173FE366D5F}.Release|Any CPU.ActiveCfg = Release|Any CPU
		{C20C4F07-B434-46D8-B9D0-8173FE366D5F}.Release|Any CPU.Build.0 = Release|Any CPU
		{C20C4F07-B434-46D8-B9D0-8173FE366D5F}.Release|x64.ActiveCfg = Release|Any CPU
		{C20C4F07-B434-46D8-B9D0-8173FE366D5F}.Release|x64.Build.0 = Release|Any CPU
		{C20C4F07-B434-46D8-B9D0-8173FE366D5F}.Release|x86.ActiveCfg = Release|Any CPU
		{C20C4F07-B434-46D8-B9D0-8173FE366D5F}.Release|x86.Build.0 = Release|Any CPU
		{E3E64FAD-5CB0-43D9-BEF9-16BFACE42CE2}.Debug|Any CPU.ActiveCfg = Debug|Any CPU
		{E3E64FAD-5CB0-43D9-BEF9-16BFACE42CE2}.Debug|Any CPU.Build.0 = Debug|Any CPU
		{E3E64FAD-5CB0-43D9-BEF9-16BFACE42CE2}.Debug|x64.ActiveCfg = Debug|Any CPU
		{E3E64FAD-5CB0-43D9-BEF9-16BFACE42CE2}.Debug|x64.Build.0 = Debug|Any CPU
		{E3E64FAD-5CB0-43D9-BEF9-16BFACE42CE2}.Debug|x86.ActiveCfg = Debug|Any CPU
		{E3E64FAD-5CB0-43D9-BEF9-16BFACE42CE2}.Debug|x86.Build.0 = Debug|Any CPU
		{E3E64FAD-5CB0-43D9-BEF9-16BFACE42CE2}.Release|Any CPU.ActiveCfg = Release|Any CPU
		{E3E64FAD-5CB0-43D9-BEF9-16BFACE42CE2}.Release|Any CPU.Build.0 = Release|Any CPU
		{E3E64FAD-5CB0-43D9-BEF9-16BFACE42CE2}.Release|x64.ActiveCfg = Release|Any CPU
		{E3E64FAD-5CB0-43D9-BEF9-16BFACE42CE2}.Release|x64.Build.0 = Release|Any CPU
		{E3E64FAD-5CB0-43D9-BEF9-16BFACE42CE2}.Release|x86.ActiveCfg = Release|Any CPU
		{E3E64FAD-5CB0-43D9-BEF9-16BFACE42CE2}.Release|x86.Build.0 = Release|Any CPU
		{C69BEC79-1E92-4179-9931-2C005AE9CA9C}.Debug|Any CPU.ActiveCfg = Debug|Any CPU
		{C69BEC79-1E92-4179-9931-2C005AE9CA9C}.Debug|Any CPU.Build.0 = Debug|Any CPU
		{C69BEC79-1E92-4179-9931-2C005AE9CA9C}.Debug|x64.ActiveCfg = Debug|Any CPU
		{C69BEC79-1E92-4179-9931-2C005AE9CA9C}.Debug|x64.Build.0 = Debug|Any CPU
		{C69BEC79-1E92-4179-9931-2C005AE9CA9C}.Debug|x86.ActiveCfg = Debug|Any CPU
		{C69BEC79-1E92-4179-9931-2C005AE9CA9C}.Debug|x86.Build.0 = Debug|Any CPU
		{C69BEC79-1E92-4179-9931-2C005AE9CA9C}.Release|Any CPU.ActiveCfg = Release|Any CPU
		{C69BEC79-1E92-4179-9931-2C005AE9CA9C}.Release|Any CPU.Build.0 = Release|Any CPU
		{C69BEC79-1E92-4179-9931-2C005AE9CA9C}.Release|x64.ActiveCfg = Release|Any CPU
		{C69BEC79-1E92-4179-9931-2C005AE9CA9C}.Release|x64.Build.0 = Release|Any CPU
		{C69BEC79-1E92-4179-9931-2C005AE9CA9C}.Release|x86.ActiveCfg = Release|Any CPU
		{C69BEC79-1E92-4179-9931-2C005AE9CA9C}.Release|x86.Build.0 = Release|Any CPU
		{D6CB7B39-5127-4164-A746-18845D74DBA3}.Debug|Any CPU.ActiveCfg = Debug|Any CPU
		{D6CB7B39-5127-4164-A746-18845D74DBA3}.Debug|Any CPU.Build.0 = Debug|Any CPU
		{D6CB7B39-5127-4164-A746-18845D74DBA3}.Debug|x64.ActiveCfg = Debug|Any CPU
		{D6CB7B39-5127-4164-A746-18845D74DBA3}.Debug|x64.Build.0 = Debug|Any CPU
		{D6CB7B39-5127-4164-A746-18845D74DBA3}.Debug|x86.ActiveCfg = Debug|Any CPU
		{D6CB7B39-5127-4164-A746-18845D74DBA3}.Debug|x86.Build.0 = Debug|Any CPU
		{D6CB7B39-5127-4164-A746-18845D74DBA3}.Release|Any CPU.ActiveCfg = Release|Any CPU
		{D6CB7B39-5127-4164-A746-18845D74DBA3}.Release|Any CPU.Build.0 = Release|Any CPU
		{D6CB7B39-5127-4164-A746-18845D74DBA3}.Release|x64.ActiveCfg = Release|Any CPU
		{D6CB7B39-5127-4164-A746-18845D74DBA3}.Release|x64.Build.0 = Release|Any CPU
		{D6CB7B39-5127-4164-A746-18845D74DBA3}.Release|x86.ActiveCfg = Release|Any CPU
		{D6CB7B39-5127-4164-A746-18845D74DBA3}.Release|x86.Build.0 = Release|Any CPU
		{A874090B-E9BB-4C0C-B402-0023A455ED1F}.Debug|Any CPU.ActiveCfg = Debug|Any CPU
		{A874090B-E9BB-4C0C-B402-0023A455ED1F}.Debug|Any CPU.Build.0 = Debug|Any CPU
		{A874090B-E9BB-4C0C-B402-0023A455ED1F}.Debug|x64.ActiveCfg = Debug|Any CPU
		{A874090B-E9BB-4C0C-B402-0023A455ED1F}.Debug|x64.Build.0 = Debug|Any CPU
		{A874090B-E9BB-4C0C-B402-0023A455ED1F}.Debug|x86.ActiveCfg = Debug|Any CPU
		{A874090B-E9BB-4C0C-B402-0023A455ED1F}.Debug|x86.Build.0 = Debug|Any CPU
		{A874090B-E9BB-4C0C-B402-0023A455ED1F}.Release|Any CPU.ActiveCfg = Release|Any CPU
		{A874090B-E9BB-4C0C-B402-0023A455ED1F}.Release|Any CPU.Build.0 = Release|Any CPU
		{A874090B-E9BB-4C0C-B402-0023A455ED1F}.Release|x64.ActiveCfg = Release|Any CPU
		{A874090B-E9BB-4C0C-B402-0023A455ED1F}.Release|x64.Build.0 = Release|Any CPU
		{A874090B-E9BB-4C0C-B402-0023A455ED1F}.Release|x86.ActiveCfg = Release|Any CPU
		{A874090B-E9BB-4C0C-B402-0023A455ED1F}.Release|x86.Build.0 = Release|Any CPU
		{0733C479-A85C-4656-A7F9-BECE58928186}.Debug|Any CPU.ActiveCfg = Debug|Any CPU
		{0733C479-A85C-4656-A7F9-BECE58928186}.Debug|Any CPU.Build.0 = Debug|Any CPU
		{0733C479-A85C-4656-A7F9-BECE58928186}.Debug|x64.ActiveCfg = Debug|Any CPU
		{0733C479-A85C-4656-A7F9-BECE58928186}.Debug|x64.Build.0 = Debug|Any CPU
		{0733C479-A85C-4656-A7F9-BECE58928186}.Debug|x86.ActiveCfg = Debug|Any CPU
		{0733C479-A85C-4656-A7F9-BECE58928186}.Debug|x86.Build.0 = Debug|Any CPU
		{0733C479-A85C-4656-A7F9-BECE58928186}.Release|Any CPU.ActiveCfg = Release|Any CPU
		{0733C479-A85C-4656-A7F9-BECE58928186}.Release|Any CPU.Build.0 = Release|Any CPU
		{0733C479-A85C-4656-A7F9-BECE58928186}.Release|x64.ActiveCfg = Release|Any CPU
		{0733C479-A85C-4656-A7F9-BECE58928186}.Release|x64.Build.0 = Release|Any CPU
		{0733C479-A85C-4656-A7F9-BECE58928186}.Release|x86.ActiveCfg = Release|Any CPU
		{0733C479-A85C-4656-A7F9-BECE58928186}.Release|x86.Build.0 = Release|Any CPU
		{BCCB9ECD-3271-4533-AFE1-4D3264B19BB0}.Debug|Any CPU.ActiveCfg = Debug|Any CPU
		{BCCB9ECD-3271-4533-AFE1-4D3264B19BB0}.Debug|Any CPU.Build.0 = Debug|Any CPU
		{BCCB9ECD-3271-4533-AFE1-4D3264B19BB0}.Debug|x64.ActiveCfg = Debug|Any CPU
		{BCCB9ECD-3271-4533-AFE1-4D3264B19BB0}.Debug|x64.Build.0 = Debug|Any CPU
		{BCCB9ECD-3271-4533-AFE1-4D3264B19BB0}.Debug|x86.ActiveCfg = Debug|Any CPU
		{BCCB9ECD-3271-4533-AFE1-4D3264B19BB0}.Debug|x86.Build.0 = Debug|Any CPU
		{BCCB9ECD-3271-4533-AFE1-4D3264B19BB0}.Release|Any CPU.ActiveCfg = Release|Any CPU
		{BCCB9ECD-3271-4533-AFE1-4D3264B19BB0}.Release|Any CPU.Build.0 = Release|Any CPU
		{BCCB9ECD-3271-4533-AFE1-4D3264B19BB0}.Release|x64.ActiveCfg = Release|Any CPU
		{BCCB9ECD-3271-4533-AFE1-4D3264B19BB0}.Release|x64.Build.0 = Release|Any CPU
		{BCCB9ECD-3271-4533-AFE1-4D3264B19BB0}.Release|x86.ActiveCfg = Release|Any CPU
		{BCCB9ECD-3271-4533-AFE1-4D3264B19BB0}.Release|x86.Build.0 = Release|Any CPU
	EndGlobalSection
	GlobalSection(SolutionProperties) = preSolution
		HideSolutionNode = FALSE
	EndGlobalSection
	GlobalSection(NestedProjects) = preSolution
		{5B9B3FC6-1BFC-46FB-9A17-97672109E084} = {D4680C7F-7B7A-43C0-9E4A-0B8D0F651249}
		{8FACF5BA-15B4-4988-8609-D648ED0C0E54} = {D4680C7F-7B7A-43C0-9E4A-0B8D0F651249}
		{D82573B2-8FEA-4028-B626-E379A9383EC8} = {D4680C7F-7B7A-43C0-9E4A-0B8D0F651249}
		{1CDAD956-1110-444D-8FD4-D883B9E5C864} = {D4680C7F-7B7A-43C0-9E4A-0B8D0F651249}
		{CF692FC8-A460-441A-BC1E-A28E4F52E6BA} = {D4680C7F-7B7A-43C0-9E4A-0B8D0F651249}
		{4FE00EFA-F320-4503-B494-02901040786C} = {D4680C7F-7B7A-43C0-9E4A-0B8D0F651249}
		{A8DA6DEF-FE40-4275-8FF4-9EAB1B15AA31} = {D4680C7F-7B7A-43C0-9E4A-0B8D0F651249}
		{97825609-1D51-4460-AB6F-BC220637F3E2} = {D4680C7F-7B7A-43C0-9E4A-0B8D0F651249}
		{B541D976-A329-4A3B-A45E-88245D969420} = {D4680C7F-7B7A-43C0-9E4A-0B8D0F651249}
		{A96CDFE2-E5E3-451E-BE0D-2B5944C8A06F} = {D4680C7F-7B7A-43C0-9E4A-0B8D0F651249}
		{859F3C9C-D15A-4F2E-82FD-DBAA6267CD69} = {3AA30910-7C3E-49E4-A654-042185F5EF21}
		{EEBC6B98-5777-4BEA-AF7E-DF7BA56BB3E7} = {3AA30910-7C3E-49E4-A654-042185F5EF21}
		{141E68D7-67BD-4C8F-AB6C-C1A141B797BF} = {3AA30910-7C3E-49E4-A654-042185F5EF21}
		{526DC81F-BD02-4FE9-8082-43AABE63A752} = {3AA30910-7C3E-49E4-A654-042185F5EF21}
		{C20C4F07-B434-46D8-B9D0-8173FE366D5F} = {D4680C7F-7B7A-43C0-9E4A-0B8D0F651249}
		{E3E64FAD-5CB0-43D9-BEF9-16BFACE42CE2} = {D4680C7F-7B7A-43C0-9E4A-0B8D0F651249}
		{C69BEC79-1E92-4179-9931-2C005AE9CA9C} = {D4680C7F-7B7A-43C0-9E4A-0B8D0F651249}
		{D6CB7B39-5127-4164-A746-18845D74DBA3} = {D4680C7F-7B7A-43C0-9E4A-0B8D0F651249}
		{A874090B-E9BB-4C0C-B402-0023A455ED1F} = {D4680C7F-7B7A-43C0-9E4A-0B8D0F651249}
		{0733C479-A85C-4656-A7F9-BECE58928186} = {D4680C7F-7B7A-43C0-9E4A-0B8D0F651249}
		{BCCB9ECD-3271-4533-AFE1-4D3264B19BB0} = {D4680C7F-7B7A-43C0-9E4A-0B8D0F651249}
	EndGlobalSection
	GlobalSection(ExtensibilityGlobals) = postSolution
		SolutionGuid = {4A5539C5-5FE4-44AD-82C0-F6C44EAA0E24}
	EndGlobalSection
EndGlobal
