
Microsoft Visual Studio Solution File, Format Version 12.00
# Visual Studio Version 16
VisualStudioVersion = 16.6.30114.105
MinimumVisualStudioVersion = 10.0.40219.1
Project("{2150E333-8FDC-42A3-9474-1A3956D46DE8}") = "src", "src", "{05F43ACE-1B29-4D2D-8E11-4371C99E1241}"
EndProject
Project("{9A19103F-16F7-4668-BE54-9A1E7A4F7556}") = "Aspire", "src\Aspire\Aspire.csproj", "{CD58A2A4-9940-4F13-9987-60A42F5FA3E0}"
EndProject
Project("{2150E333-8FDC-42A3-9474-1A3956D46DE8}") = "Providers", "Providers", "{934A906B-633F-4CD8-83CF-CAE548783894}"
EndProject
Project("{2150E333-8FDC-42A3-9474-1A3956D46DE8}") = "template", "template", "{58E6A5F4-9C00-4060-B82B-94633ABCBC70}"
EndProject
Project("{2150E333-8FDC-42A3-9474-1A3956D46DE8}") = "v1", "v1", "{F13F75B5-5B14-490F-82E8-7B04C06333A8}"
EndProject
Project("{9A19103F-16F7-4668-BE54-9A1E7A4F7556}") = "Template.Application", "template\v1\Template.Application\Template.Application.csproj", "{4F72E69B-8C6F-4076-8A0D-21BDF550CA61}"
EndProject
Project("{9A19103F-16F7-4668-BE54-9A1E7A4F7556}") = "Template.Core", "template\v1\Template.Core\Template.Core.csproj", "{DC61BECC-A2DA-40DC-B2E9-20A715D3674C}"
EndProject
Project("{9A19103F-16F7-4668-BE54-9A1E7A4F7556}") = "Template.Global", "template\v1\Template.Global\Template.Global.csproj", "{EE2548F5-6915-48F4-B998-0FD127A7CED0}"
EndProject
Project("{9A19103F-16F7-4668-BE54-9A1E7A4F7556}") = "Template.Host", "template\v1\Template.Host\Template.Host.csproj", "{A72C4929-9599-4574-9815-0B23C8DAB493}"
EndProject
Project("{2150E333-8FDC-42A3-9474-1A3956D46DE8}") = "Abstractions", "Abstractions", "{B1FA678C-3ABC-4D11-9B1B-4AE862E294F1}"
EndProject
Project("{9A19103F-16F7-4668-BE54-9A1E7A4F7556}") = "Aspire.AppService.Identity.Abstraction", "src\Abstractions\Aspire.AppService.Identity.Abstraction\Aspire.AppService.Identity.Abstraction.csproj", "{40BAFD65-B131-40D7-BFD2-2629384FB0A6}"
EndProject
Project("{9A19103F-16F7-4668-BE54-9A1E7A4F7556}") = "Aspire.AppService.Log.Abstraction", "src\Abstractions\Aspire.AppService.Log.Abstraction\Aspire.AppService.Log.Abstraction.csproj", "{9015BB1B-93FB-4EC7-9E96-4F5010C5A2D3}"
EndProject
Project("{9A19103F-16F7-4668-BE54-9A1E7A4F7556}") = "Aspire.AppService.UserManage.Abstraction", "src\Abstractions\Aspire.AppService.UserManage.Abstraction\Aspire.AppService.UserManage.Abstraction.csproj", "{2C36473B-6C88-4AFF-B903-FD7D009DCC1F}"
EndProject
Project("{9A19103F-16F7-4668-BE54-9A1E7A4F7556}") = "Aspire.Cache.Abstraction", "src\Abstractions\Aspire.Cache.Abstraction\Aspire.Cache.Abstraction.csproj", "{6DC89018-261F-453E-BA41-F97EB0C56B23}"
EndProject
Project("{9A19103F-16F7-4668-BE54-9A1E7A4F7556}") = "Aspire.Mapper.Abstraction", "src\Abstractions\Aspire.Mapper.Abstraction\Aspire.Mapper.Abstraction.csproj", "{E37D3C31-1041-4DDD-BC39-4BBC7CB39DF1}"
EndProject
Project("{9A19103F-16F7-4668-BE54-9A1E7A4F7556}") = "Aspire.Repository.Abstraction", "src\Abstractions\Aspire.Repository.Abstraction\Aspire.Repository.Abstraction.csproj", "{2DF45D67-A608-4F30-A49C-15584ADC2A83}"
EndProject
Project("{9A19103F-16F7-4668-BE54-9A1E7A4F7556}") = "Aspire.Cli", "src\Aspire.Cli\Aspire.Cli.csproj", "{87E6402B-3A74-4730-98C5-D1BC795845FE}"
EndProject
Project("{9A19103F-16F7-4668-BE54-9A1E7A4F7556}") = "Aspire.Core", "src\Aspire.Core\Aspire.Core.csproj", "{F052E304-483D-4313-9D01-6561B51E6187}"
EndProject
Project("{9A19103F-16F7-4668-BE54-9A1E7A4F7556}") = "Aspire.Application.DynamicWebApi", "src\Providers\Aspire.Application.DynamicWebApi\Aspire.Application.DynamicWebApi.csproj", "{5B93EC78-84F7-43A2-8E8C-A13BCF986515}"
EndProject
Project("{9A19103F-16F7-4668-BE54-9A1E7A4F7556}") = "Aspire.Cache.CSRedis", "src\Providers\Aspire.Cache.CSRedis\Aspire.Cache.CSRedis.csproj", "{54EDB12F-71AB-48E6-B41F-E6E54510EEB2}"
EndProject
Project("{9A19103F-16F7-4668-BE54-9A1E7A4F7556}") = "Aspire.Log.Serilog.ElasticSearch", "src\Providers\Aspire.Log.Serilog.ElasticSearch\Aspire.Log.Serilog.ElasticSearch.csproj", "{8F5F8987-85F0-46A5-9FA0-AD51D7276AFC}"
EndProject
Project("{9A19103F-16F7-4668-BE54-9A1E7A4F7556}") = "Aspire.Mapper.AutoMapper", "src\Providers\Aspire.Mapper.AutoMapper\Aspire.Mapper.AutoMapper.csproj", "{FA5E6266-B574-48AD-B1DD-8E48008A8CA4}"
EndProject
Project("{9A19103F-16F7-4668-BE54-9A1E7A4F7556}") = "Aspire.Repository.FreeSql", "src\Providers\Aspire.Repository.FreeSql\Aspire.Repository.FreeSql.csproj", "{F1CE0F1D-B8A9-4D22-955E-9FB53131BC50}"
EndProject
Project("{FAE04EC0-301F-11D3-BF4B-00C04F79EFBC}") = "Aspire.Application.Abstraction", "src\Abstractions\Aspire.Application.Abstraction\Aspire.Application.Abstraction.csproj", "{09C85FE8-E065-4A16-85A2-6CB912034CFF}"
EndProject
Project("{FAE04EC0-301F-11D3-BF4B-00C04F79EFBC}") = "Aspire.Entity.Abstraction", "src\Abstractions\Aspire.Entity.Abstraction\Aspire.Entity.Abstraction.csproj", "{246E7056-40DB-4187-A4CA-02D1F77BFBBA}"
EndProject
Global
	GlobalSection(SolutionConfigurationPlatforms) = preSolution
		Debug|Any CPU = Debug|Any CPU
		Debug|x64 = Debug|x64
		Debug|x86 = Debug|x86
		Release|Any CPU = Release|Any CPU
		Release|x64 = Release|x64
		Release|x86 = Release|x86
	EndGlobalSection
	GlobalSection(ProjectConfigurationPlatforms) = postSolution
		{CD58A2A4-9940-4F13-9987-60A42F5FA3E0}.Debug|Any CPU.ActiveCfg = Debug|Any CPU
		{CD58A2A4-9940-4F13-9987-60A42F5FA3E0}.Debug|Any CPU.Build.0 = Debug|Any CPU
		{CD58A2A4-9940-4F13-9987-60A42F5FA3E0}.Debug|x64.ActiveCfg = Debug|Any CPU
		{CD58A2A4-9940-4F13-9987-60A42F5FA3E0}.Debug|x64.Build.0 = Debug|Any CPU
		{CD58A2A4-9940-4F13-9987-60A42F5FA3E0}.Debug|x86.ActiveCfg = Debug|Any CPU
		{CD58A2A4-9940-4F13-9987-60A42F5FA3E0}.Debug|x86.Build.0 = Debug|Any CPU
		{CD58A2A4-9940-4F13-9987-60A42F5FA3E0}.Release|Any CPU.ActiveCfg = Release|Any CPU
		{CD58A2A4-9940-4F13-9987-60A42F5FA3E0}.Release|Any CPU.Build.0 = Release|Any CPU
		{CD58A2A4-9940-4F13-9987-60A42F5FA3E0}.Release|x64.ActiveCfg = Release|Any CPU
		{CD58A2A4-9940-4F13-9987-60A42F5FA3E0}.Release|x64.Build.0 = Release|Any CPU
		{CD58A2A4-9940-4F13-9987-60A42F5FA3E0}.Release|x86.ActiveCfg = Release|Any CPU
		{CD58A2A4-9940-4F13-9987-60A42F5FA3E0}.Release|x86.Build.0 = Release|Any CPU
		{4F72E69B-8C6F-4076-8A0D-21BDF550CA61}.Debug|Any CPU.ActiveCfg = Debug|Any CPU
		{4F72E69B-8C6F-4076-8A0D-21BDF550CA61}.Debug|Any CPU.Build.0 = Debug|Any CPU
		{4F72E69B-8C6F-4076-8A0D-21BDF550CA61}.Debug|x64.ActiveCfg = Debug|Any CPU
		{4F72E69B-8C6F-4076-8A0D-21BDF550CA61}.Debug|x64.Build.0 = Debug|Any CPU
		{4F72E69B-8C6F-4076-8A0D-21BDF550CA61}.Debug|x86.ActiveCfg = Debug|Any CPU
		{4F72E69B-8C6F-4076-8A0D-21BDF550CA61}.Debug|x86.Build.0 = Debug|Any CPU
		{4F72E69B-8C6F-4076-8A0D-21BDF550CA61}.Release|Any CPU.ActiveCfg = Release|Any CPU
		{4F72E69B-8C6F-4076-8A0D-21BDF550CA61}.Release|Any CPU.Build.0 = Release|Any CPU
		{4F72E69B-8C6F-4076-8A0D-21BDF550CA61}.Release|x64.ActiveCfg = Release|Any CPU
		{4F72E69B-8C6F-4076-8A0D-21BDF550CA61}.Release|x64.Build.0 = Release|Any CPU
		{4F72E69B-8C6F-4076-8A0D-21BDF550CA61}.Release|x86.ActiveCfg = Release|Any CPU
		{4F72E69B-8C6F-4076-8A0D-21BDF550CA61}.Release|x86.Build.0 = Release|Any CPU
		{DC61BECC-A2DA-40DC-B2E9-20A715D3674C}.Debug|Any CPU.ActiveCfg = Debug|Any CPU
		{DC61BECC-A2DA-40DC-B2E9-20A715D3674C}.Debug|Any CPU.Build.0 = Debug|Any CPU
		{DC61BECC-A2DA-40DC-B2E9-20A715D3674C}.Debug|x64.ActiveCfg = Debug|Any CPU
		{DC61BECC-A2DA-40DC-B2E9-20A715D3674C}.Debug|x64.Build.0 = Debug|Any CPU
		{DC61BECC-A2DA-40DC-B2E9-20A715D3674C}.Debug|x86.ActiveCfg = Debug|Any CPU
		{DC61BECC-A2DA-40DC-B2E9-20A715D3674C}.Debug|x86.Build.0 = Debug|Any CPU
		{DC61BECC-A2DA-40DC-B2E9-20A715D3674C}.Release|Any CPU.ActiveCfg = Release|Any CPU
		{DC61BECC-A2DA-40DC-B2E9-20A715D3674C}.Release|Any CPU.Build.0 = Release|Any CPU
		{DC61BECC-A2DA-40DC-B2E9-20A715D3674C}.Release|x64.ActiveCfg = Release|Any CPU
		{DC61BECC-A2DA-40DC-B2E9-20A715D3674C}.Release|x64.Build.0 = Release|Any CPU
		{DC61BECC-A2DA-40DC-B2E9-20A715D3674C}.Release|x86.ActiveCfg = Release|Any CPU
		{DC61BECC-A2DA-40DC-B2E9-20A715D3674C}.Release|x86.Build.0 = Release|Any CPU
		{EE2548F5-6915-48F4-B998-0FD127A7CED0}.Debug|Any CPU.ActiveCfg = Debug|Any CPU
		{EE2548F5-6915-48F4-B998-0FD127A7CED0}.Debug|Any CPU.Build.0 = Debug|Any CPU
		{EE2548F5-6915-48F4-B998-0FD127A7CED0}.Debug|x64.ActiveCfg = Debug|Any CPU
		{EE2548F5-6915-48F4-B998-0FD127A7CED0}.Debug|x64.Build.0 = Debug|Any CPU
		{EE2548F5-6915-48F4-B998-0FD127A7CED0}.Debug|x86.ActiveCfg = Debug|Any CPU
		{EE2548F5-6915-48F4-B998-0FD127A7CED0}.Debug|x86.Build.0 = Debug|Any CPU
		{EE2548F5-6915-48F4-B998-0FD127A7CED0}.Release|Any CPU.ActiveCfg = Release|Any CPU
		{EE2548F5-6915-48F4-B998-0FD127A7CED0}.Release|Any CPU.Build.0 = Release|Any CPU
		{EE2548F5-6915-48F4-B998-0FD127A7CED0}.Release|x64.ActiveCfg = Release|Any CPU
		{EE2548F5-6915-48F4-B998-0FD127A7CED0}.Release|x64.Build.0 = Release|Any CPU
		{EE2548F5-6915-48F4-B998-0FD127A7CED0}.Release|x86.ActiveCfg = Release|Any CPU
		{EE2548F5-6915-48F4-B998-0FD127A7CED0}.Release|x86.Build.0 = Release|Any CPU
		{A72C4929-9599-4574-9815-0B23C8DAB493}.Debug|Any CPU.ActiveCfg = Debug|Any CPU
		{A72C4929-9599-4574-9815-0B23C8DAB493}.Debug|Any CPU.Build.0 = Debug|Any CPU
		{A72C4929-9599-4574-9815-0B23C8DAB493}.Debug|x64.ActiveCfg = Debug|Any CPU
		{A72C4929-9599-4574-9815-0B23C8DAB493}.Debug|x64.Build.0 = Debug|Any CPU
		{A72C4929-9599-4574-9815-0B23C8DAB493}.Debug|x86.ActiveCfg = Debug|Any CPU
		{A72C4929-9599-4574-9815-0B23C8DAB493}.Debug|x86.Build.0 = Debug|Any CPU
		{A72C4929-9599-4574-9815-0B23C8DAB493}.Release|Any CPU.ActiveCfg = Release|Any CPU
		{A72C4929-9599-4574-9815-0B23C8DAB493}.Release|Any CPU.Build.0 = Release|Any CPU
		{A72C4929-9599-4574-9815-0B23C8DAB493}.Release|x64.ActiveCfg = Release|Any CPU
		{A72C4929-9599-4574-9815-0B23C8DAB493}.Release|x64.Build.0 = Release|Any CPU
		{A72C4929-9599-4574-9815-0B23C8DAB493}.Release|x86.ActiveCfg = Release|Any CPU
		{A72C4929-9599-4574-9815-0B23C8DAB493}.Release|x86.Build.0 = Release|Any CPU
		{40BAFD65-B131-40D7-BFD2-2629384FB0A6}.Debug|Any CPU.ActiveCfg = Debug|Any CPU
		{40BAFD65-B131-40D7-BFD2-2629384FB0A6}.Debug|Any CPU.Build.0 = Debug|Any CPU
		{40BAFD65-B131-40D7-BFD2-2629384FB0A6}.Debug|x64.ActiveCfg = Debug|Any CPU
		{40BAFD65-B131-40D7-BFD2-2629384FB0A6}.Debug|x64.Build.0 = Debug|Any CPU
		{40BAFD65-B131-40D7-BFD2-2629384FB0A6}.Debug|x86.ActiveCfg = Debug|Any CPU
		{40BAFD65-B131-40D7-BFD2-2629384FB0A6}.Debug|x86.Build.0 = Debug|Any CPU
		{40BAFD65-B131-40D7-BFD2-2629384FB0A6}.Release|Any CPU.ActiveCfg = Release|Any CPU
		{40BAFD65-B131-40D7-BFD2-2629384FB0A6}.Release|Any CPU.Build.0 = Release|Any CPU
		{40BAFD65-B131-40D7-BFD2-2629384FB0A6}.Release|x64.ActiveCfg = Release|Any CPU
		{40BAFD65-B131-40D7-BFD2-2629384FB0A6}.Release|x64.Build.0 = Release|Any CPU
		{40BAFD65-B131-40D7-BFD2-2629384FB0A6}.Release|x86.ActiveCfg = Release|Any CPU
		{40BAFD65-B131-40D7-BFD2-2629384FB0A6}.Release|x86.Build.0 = Release|Any CPU
		{9015BB1B-93FB-4EC7-9E96-4F5010C5A2D3}.Debug|Any CPU.ActiveCfg = Debug|Any CPU
		{9015BB1B-93FB-4EC7-9E96-4F5010C5A2D3}.Debug|Any CPU.Build.0 = Debug|Any CPU
		{9015BB1B-93FB-4EC7-9E96-4F5010C5A2D3}.Debug|x64.ActiveCfg = Debug|Any CPU
		{9015BB1B-93FB-4EC7-9E96-4F5010C5A2D3}.Debug|x64.Build.0 = Debug|Any CPU
		{9015BB1B-93FB-4EC7-9E96-4F5010C5A2D3}.Debug|x86.ActiveCfg = Debug|Any CPU
		{9015BB1B-93FB-4EC7-9E96-4F5010C5A2D3}.Debug|x86.Build.0 = Debug|Any CPU
		{9015BB1B-93FB-4EC7-9E96-4F5010C5A2D3}.Release|Any CPU.ActiveCfg = Release|Any CPU
		{9015BB1B-93FB-4EC7-9E96-4F5010C5A2D3}.Release|Any CPU.Build.0 = Release|Any CPU
		{9015BB1B-93FB-4EC7-9E96-4F5010C5A2D3}.Release|x64.ActiveCfg = Release|Any CPU
		{9015BB1B-93FB-4EC7-9E96-4F5010C5A2D3}.Release|x64.Build.0 = Release|Any CPU
		{9015BB1B-93FB-4EC7-9E96-4F5010C5A2D3}.Release|x86.ActiveCfg = Release|Any CPU
		{9015BB1B-93FB-4EC7-9E96-4F5010C5A2D3}.Release|x86.Build.0 = Release|Any CPU
		{2C36473B-6C88-4AFF-B903-FD7D009DCC1F}.Debug|Any CPU.ActiveCfg = Debug|Any CPU
		{2C36473B-6C88-4AFF-B903-FD7D009DCC1F}.Debug|Any CPU.Build.0 = Debug|Any CPU
		{2C36473B-6C88-4AFF-B903-FD7D009DCC1F}.Debug|x64.ActiveCfg = Debug|Any CPU
		{2C36473B-6C88-4AFF-B903-FD7D009DCC1F}.Debug|x64.Build.0 = Debug|Any CPU
		{2C36473B-6C88-4AFF-B903-FD7D009DCC1F}.Debug|x86.ActiveCfg = Debug|Any CPU
		{2C36473B-6C88-4AFF-B903-FD7D009DCC1F}.Debug|x86.Build.0 = Debug|Any CPU
		{2C36473B-6C88-4AFF-B903-FD7D009DCC1F}.Release|Any CPU.ActiveCfg = Release|Any CPU
		{2C36473B-6C88-4AFF-B903-FD7D009DCC1F}.Release|Any CPU.Build.0 = Release|Any CPU
		{2C36473B-6C88-4AFF-B903-FD7D009DCC1F}.Release|x64.ActiveCfg = Release|Any CPU
		{2C36473B-6C88-4AFF-B903-FD7D009DCC1F}.Release|x64.Build.0 = Release|Any CPU
		{2C36473B-6C88-4AFF-B903-FD7D009DCC1F}.Release|x86.ActiveCfg = Release|Any CPU
		{2C36473B-6C88-4AFF-B903-FD7D009DCC1F}.Release|x86.Build.0 = Release|Any CPU
		{6DC89018-261F-453E-BA41-F97EB0C56B23}.Debug|Any CPU.ActiveCfg = Debug|Any CPU
		{6DC89018-261F-453E-BA41-F97EB0C56B23}.Debug|Any CPU.Build.0 = Debug|Any CPU
		{6DC89018-261F-453E-BA41-F97EB0C56B23}.Debug|x64.ActiveCfg = Debug|Any CPU
		{6DC89018-261F-453E-BA41-F97EB0C56B23}.Debug|x64.Build.0 = Debug|Any CPU
		{6DC89018-261F-453E-BA41-F97EB0C56B23}.Debug|x86.ActiveCfg = Debug|Any CPU
		{6DC89018-261F-453E-BA41-F97EB0C56B23}.Debug|x86.Build.0 = Debug|Any CPU
		{6DC89018-261F-453E-BA41-F97EB0C56B23}.Release|Any CPU.ActiveCfg = Release|Any CPU
		{6DC89018-261F-453E-BA41-F97EB0C56B23}.Release|Any CPU.Build.0 = Release|Any CPU
		{6DC89018-261F-453E-BA41-F97EB0C56B23}.Release|x64.ActiveCfg = Release|Any CPU
		{6DC89018-261F-453E-BA41-F97EB0C56B23}.Release|x64.Build.0 = Release|Any CPU
		{6DC89018-261F-453E-BA41-F97EB0C56B23}.Release|x86.ActiveCfg = Release|Any CPU
		{6DC89018-261F-453E-BA41-F97EB0C56B23}.Release|x86.Build.0 = Release|Any CPU
		{E37D3C31-1041-4DDD-BC39-4BBC7CB39DF1}.Debug|Any CPU.ActiveCfg = Debug|Any CPU
		{E37D3C31-1041-4DDD-BC39-4BBC7CB39DF1}.Debug|Any CPU.Build.0 = Debug|Any CPU
		{E37D3C31-1041-4DDD-BC39-4BBC7CB39DF1}.Debug|x64.ActiveCfg = Debug|Any CPU
		{E37D3C31-1041-4DDD-BC39-4BBC7CB39DF1}.Debug|x64.Build.0 = Debug|Any CPU
		{E37D3C31-1041-4DDD-BC39-4BBC7CB39DF1}.Debug|x86.ActiveCfg = Debug|Any CPU
		{E37D3C31-1041-4DDD-BC39-4BBC7CB39DF1}.Debug|x86.Build.0 = Debug|Any CPU
		{E37D3C31-1041-4DDD-BC39-4BBC7CB39DF1}.Release|Any CPU.ActiveCfg = Release|Any CPU
		{E37D3C31-1041-4DDD-BC39-4BBC7CB39DF1}.Release|Any CPU.Build.0 = Release|Any CPU
		{E37D3C31-1041-4DDD-BC39-4BBC7CB39DF1}.Release|x64.ActiveCfg = Release|Any CPU
		{E37D3C31-1041-4DDD-BC39-4BBC7CB39DF1}.Release|x64.Build.0 = Release|Any CPU
		{E37D3C31-1041-4DDD-BC39-4BBC7CB39DF1}.Release|x86.ActiveCfg = Release|Any CPU
		{E37D3C31-1041-4DDD-BC39-4BBC7CB39DF1}.Release|x86.Build.0 = Release|Any CPU
		{2DF45D67-A608-4F30-A49C-15584ADC2A83}.Debug|Any CPU.ActiveCfg = Debug|Any CPU
		{2DF45D67-A608-4F30-A49C-15584ADC2A83}.Debug|Any CPU.Build.0 = Debug|Any CPU
		{2DF45D67-A608-4F30-A49C-15584ADC2A83}.Debug|x64.ActiveCfg = Debug|Any CPU
		{2DF45D67-A608-4F30-A49C-15584ADC2A83}.Debug|x64.Build.0 = Debug|Any CPU
		{2DF45D67-A608-4F30-A49C-15584ADC2A83}.Debug|x86.ActiveCfg = Debug|Any CPU
		{2DF45D67-A608-4F30-A49C-15584ADC2A83}.Debug|x86.Build.0 = Debug|Any CPU
		{2DF45D67-A608-4F30-A49C-15584ADC2A83}.Release|Any CPU.ActiveCfg = Release|Any CPU
		{2DF45D67-A608-4F30-A49C-15584ADC2A83}.Release|Any CPU.Build.0 = Release|Any CPU
		{2DF45D67-A608-4F30-A49C-15584ADC2A83}.Release|x64.ActiveCfg = Release|Any CPU
		{2DF45D67-A608-4F30-A49C-15584ADC2A83}.Release|x64.Build.0 = Release|Any CPU
		{2DF45D67-A608-4F30-A49C-15584ADC2A83}.Release|x86.ActiveCfg = Release|Any CPU
		{2DF45D67-A608-4F30-A49C-15584ADC2A83}.Release|x86.Build.0 = Release|Any CPU
		{87E6402B-3A74-4730-98C5-D1BC795845FE}.Debug|Any CPU.ActiveCfg = Debug|Any CPU
		{87E6402B-3A74-4730-98C5-D1BC795845FE}.Debug|Any CPU.Build.0 = Debug|Any CPU
		{87E6402B-3A74-4730-98C5-D1BC795845FE}.Debug|x64.ActiveCfg = Debug|Any CPU
		{87E6402B-3A74-4730-98C5-D1BC795845FE}.Debug|x64.Build.0 = Debug|Any CPU
		{87E6402B-3A74-4730-98C5-D1BC795845FE}.Debug|x86.ActiveCfg = Debug|Any CPU
		{87E6402B-3A74-4730-98C5-D1BC795845FE}.Debug|x86.Build.0 = Debug|Any CPU
		{87E6402B-3A74-4730-98C5-D1BC795845FE}.Release|Any CPU.ActiveCfg = Release|Any CPU
		{87E6402B-3A74-4730-98C5-D1BC795845FE}.Release|Any CPU.Build.0 = Release|Any CPU
		{87E6402B-3A74-4730-98C5-D1BC795845FE}.Release|x64.ActiveCfg = Release|Any CPU
		{87E6402B-3A74-4730-98C5-D1BC795845FE}.Release|x64.Build.0 = Release|Any CPU
		{87E6402B-3A74-4730-98C5-D1BC795845FE}.Release|x86.ActiveCfg = Release|Any CPU
		{87E6402B-3A74-4730-98C5-D1BC795845FE}.Release|x86.Build.0 = Release|Any CPU
		{F052E304-483D-4313-9D01-6561B51E6187}.Debug|Any CPU.ActiveCfg = Debug|Any CPU
		{F052E304-483D-4313-9D01-6561B51E6187}.Debug|Any CPU.Build.0 = Debug|Any CPU
		{F052E304-483D-4313-9D01-6561B51E6187}.Debug|x64.ActiveCfg = Debug|Any CPU
		{F052E304-483D-4313-9D01-6561B51E6187}.Debug|x64.Build.0 = Debug|Any CPU
		{F052E304-483D-4313-9D01-6561B51E6187}.Debug|x86.ActiveCfg = Debug|Any CPU
		{F052E304-483D-4313-9D01-6561B51E6187}.Debug|x86.Build.0 = Debug|Any CPU
		{F052E304-483D-4313-9D01-6561B51E6187}.Release|Any CPU.ActiveCfg = Release|Any CPU
		{F052E304-483D-4313-9D01-6561B51E6187}.Release|Any CPU.Build.0 = Release|Any CPU
		{F052E304-483D-4313-9D01-6561B51E6187}.Release|x64.ActiveCfg = Release|Any CPU
		{F052E304-483D-4313-9D01-6561B51E6187}.Release|x64.Build.0 = Release|Any CPU
		{F052E304-483D-4313-9D01-6561B51E6187}.Release|x86.ActiveCfg = Release|Any CPU
		{F052E304-483D-4313-9D01-6561B51E6187}.Release|x86.Build.0 = Release|Any CPU
		{5B93EC78-84F7-43A2-8E8C-A13BCF986515}.Debug|Any CPU.ActiveCfg = Debug|Any CPU
		{5B93EC78-84F7-43A2-8E8C-A13BCF986515}.Debug|Any CPU.Build.0 = Debug|Any CPU
		{5B93EC78-84F7-43A2-8E8C-A13BCF986515}.Debug|x64.ActiveCfg = Debug|Any CPU
		{5B93EC78-84F7-43A2-8E8C-A13BCF986515}.Debug|x64.Build.0 = Debug|Any CPU
		{5B93EC78-84F7-43A2-8E8C-A13BCF986515}.Debug|x86.ActiveCfg = Debug|Any CPU
		{5B93EC78-84F7-43A2-8E8C-A13BCF986515}.Debug|x86.Build.0 = Debug|Any CPU
		{5B93EC78-84F7-43A2-8E8C-A13BCF986515}.Release|Any CPU.ActiveCfg = Release|Any CPU
		{5B93EC78-84F7-43A2-8E8C-A13BCF986515}.Release|Any CPU.Build.0 = Release|Any CPU
		{5B93EC78-84F7-43A2-8E8C-A13BCF986515}.Release|x64.ActiveCfg = Release|Any CPU
		{5B93EC78-84F7-43A2-8E8C-A13BCF986515}.Release|x64.Build.0 = Release|Any CPU
		{5B93EC78-84F7-43A2-8E8C-A13BCF986515}.Release|x86.ActiveCfg = Release|Any CPU
		{5B93EC78-84F7-43A2-8E8C-A13BCF986515}.Release|x86.Build.0 = Release|Any CPU
		{54EDB12F-71AB-48E6-B41F-E6E54510EEB2}.Debug|Any CPU.ActiveCfg = Debug|Any CPU
		{54EDB12F-71AB-48E6-B41F-E6E54510EEB2}.Debug|Any CPU.Build.0 = Debug|Any CPU
		{54EDB12F-71AB-48E6-B41F-E6E54510EEB2}.Debug|x64.ActiveCfg = Debug|Any CPU
		{54EDB12F-71AB-48E6-B41F-E6E54510EEB2}.Debug|x64.Build.0 = Debug|Any CPU
		{54EDB12F-71AB-48E6-B41F-E6E54510EEB2}.Debug|x86.ActiveCfg = Debug|Any CPU
		{54EDB12F-71AB-48E6-B41F-E6E54510EEB2}.Debug|x86.Build.0 = Debug|Any CPU
		{54EDB12F-71AB-48E6-B41F-E6E54510EEB2}.Release|Any CPU.ActiveCfg = Release|Any CPU
		{54EDB12F-71AB-48E6-B41F-E6E54510EEB2}.Release|Any CPU.Build.0 = Release|Any CPU
		{54EDB12F-71AB-48E6-B41F-E6E54510EEB2}.Release|x64.ActiveCfg = Release|Any CPU
		{54EDB12F-71AB-48E6-B41F-E6E54510EEB2}.Release|x64.Build.0 = Release|Any CPU
		{54EDB12F-71AB-48E6-B41F-E6E54510EEB2}.Release|x86.ActiveCfg = Release|Any CPU
		{54EDB12F-71AB-48E6-B41F-E6E54510EEB2}.Release|x86.Build.0 = Release|Any CPU
		{8F5F8987-85F0-46A5-9FA0-AD51D7276AFC}.Debug|Any CPU.ActiveCfg = Debug|Any CPU
		{8F5F8987-85F0-46A5-9FA0-AD51D7276AFC}.Debug|Any CPU.Build.0 = Debug|Any CPU
		{8F5F8987-85F0-46A5-9FA0-AD51D7276AFC}.Debug|x64.ActiveCfg = Debug|Any CPU
		{8F5F8987-85F0-46A5-9FA0-AD51D7276AFC}.Debug|x64.Build.0 = Debug|Any CPU
		{8F5F8987-85F0-46A5-9FA0-AD51D7276AFC}.Debug|x86.ActiveCfg = Debug|Any CPU
		{8F5F8987-85F0-46A5-9FA0-AD51D7276AFC}.Debug|x86.Build.0 = Debug|Any CPU
		{8F5F8987-85F0-46A5-9FA0-AD51D7276AFC}.Release|Any CPU.ActiveCfg = Release|Any CPU
		{8F5F8987-85F0-46A5-9FA0-AD51D7276AFC}.Release|Any CPU.Build.0 = Release|Any CPU
		{8F5F8987-85F0-46A5-9FA0-AD51D7276AFC}.Release|x64.ActiveCfg = Release|Any CPU
		{8F5F8987-85F0-46A5-9FA0-AD51D7276AFC}.Release|x64.Build.0 = Release|Any CPU
		{8F5F8987-85F0-46A5-9FA0-AD51D7276AFC}.Release|x86.ActiveCfg = Release|Any CPU
		{8F5F8987-85F0-46A5-9FA0-AD51D7276AFC}.Release|x86.Build.0 = Release|Any CPU
		{FA5E6266-B574-48AD-B1DD-8E48008A8CA4}.Debug|Any CPU.ActiveCfg = Debug|Any CPU
		{FA5E6266-B574-48AD-B1DD-8E48008A8CA4}.Debug|Any CPU.Build.0 = Debug|Any CPU
		{FA5E6266-B574-48AD-B1DD-8E48008A8CA4}.Debug|x64.ActiveCfg = Debug|Any CPU
		{FA5E6266-B574-48AD-B1DD-8E48008A8CA4}.Debug|x64.Build.0 = Debug|Any CPU
		{FA5E6266-B574-48AD-B1DD-8E48008A8CA4}.Debug|x86.ActiveCfg = Debug|Any CPU
		{FA5E6266-B574-48AD-B1DD-8E48008A8CA4}.Debug|x86.Build.0 = Debug|Any CPU
		{FA5E6266-B574-48AD-B1DD-8E48008A8CA4}.Release|Any CPU.ActiveCfg = Release|Any CPU
		{FA5E6266-B574-48AD-B1DD-8E48008A8CA4}.Release|Any CPU.Build.0 = Release|Any CPU
		{FA5E6266-B574-48AD-B1DD-8E48008A8CA4}.Release|x64.ActiveCfg = Release|Any CPU
		{FA5E6266-B574-48AD-B1DD-8E48008A8CA4}.Release|x64.Build.0 = Release|Any CPU
		{FA5E6266-B574-48AD-B1DD-8E48008A8CA4}.Release|x86.ActiveCfg = Release|Any CPU
		{FA5E6266-B574-48AD-B1DD-8E48008A8CA4}.Release|x86.Build.0 = Release|Any CPU
		{F1CE0F1D-B8A9-4D22-955E-9FB53131BC50}.Debug|Any CPU.ActiveCfg = Debug|Any CPU
		{F1CE0F1D-B8A9-4D22-955E-9FB53131BC50}.Debug|Any CPU.Build.0 = Debug|Any CPU
		{F1CE0F1D-B8A9-4D22-955E-9FB53131BC50}.Debug|x64.ActiveCfg = Debug|Any CPU
		{F1CE0F1D-B8A9-4D22-955E-9FB53131BC50}.Debug|x64.Build.0 = Debug|Any CPU
		{F1CE0F1D-B8A9-4D22-955E-9FB53131BC50}.Debug|x86.ActiveCfg = Debug|Any CPU
		{F1CE0F1D-B8A9-4D22-955E-9FB53131BC50}.Debug|x86.Build.0 = Debug|Any CPU
		{F1CE0F1D-B8A9-4D22-955E-9FB53131BC50}.Release|Any CPU.ActiveCfg = Release|Any CPU
		{F1CE0F1D-B8A9-4D22-955E-9FB53131BC50}.Release|Any CPU.Build.0 = Release|Any CPU
		{F1CE0F1D-B8A9-4D22-955E-9FB53131BC50}.Release|x64.ActiveCfg = Release|Any CPU
		{F1CE0F1D-B8A9-4D22-955E-9FB53131BC50}.Release|x64.Build.0 = Release|Any CPU
		{F1CE0F1D-B8A9-4D22-955E-9FB53131BC50}.Release|x86.ActiveCfg = Release|Any CPU
		{F1CE0F1D-B8A9-4D22-955E-9FB53131BC50}.Release|x86.Build.0 = Release|Any CPU
		{09C85FE8-E065-4A16-85A2-6CB912034CFF}.Debug|Any CPU.ActiveCfg = Debug|Any CPU
		{09C85FE8-E065-4A16-85A2-6CB912034CFF}.Debug|Any CPU.Build.0 = Debug|Any CPU
		{09C85FE8-E065-4A16-85A2-6CB912034CFF}.Debug|x64.ActiveCfg = Debug|Any CPU
		{09C85FE8-E065-4A16-85A2-6CB912034CFF}.Debug|x64.Build.0 = Debug|Any CPU
		{09C85FE8-E065-4A16-85A2-6CB912034CFF}.Debug|x86.ActiveCfg = Debug|Any CPU
		{09C85FE8-E065-4A16-85A2-6CB912034CFF}.Debug|x86.Build.0 = Debug|Any CPU
		{09C85FE8-E065-4A16-85A2-6CB912034CFF}.Release|Any CPU.ActiveCfg = Release|Any CPU
		{09C85FE8-E065-4A16-85A2-6CB912034CFF}.Release|Any CPU.Build.0 = Release|Any CPU
		{09C85FE8-E065-4A16-85A2-6CB912034CFF}.Release|x64.ActiveCfg = Release|Any CPU
		{09C85FE8-E065-4A16-85A2-6CB912034CFF}.Release|x64.Build.0 = Release|Any CPU
		{09C85FE8-E065-4A16-85A2-6CB912034CFF}.Release|x86.ActiveCfg = Release|Any CPU
		{09C85FE8-E065-4A16-85A2-6CB912034CFF}.Release|x86.Build.0 = Release|Any CPU
		{246E7056-40DB-4187-A4CA-02D1F77BFBBA}.Debug|Any CPU.ActiveCfg = Debug|Any CPU
		{246E7056-40DB-4187-A4CA-02D1F77BFBBA}.Debug|Any CPU.Build.0 = Debug|Any CPU
		{246E7056-40DB-4187-A4CA-02D1F77BFBBA}.Debug|x64.ActiveCfg = Debug|Any CPU
		{246E7056-40DB-4187-A4CA-02D1F77BFBBA}.Debug|x64.Build.0 = Debug|Any CPU
		{246E7056-40DB-4187-A4CA-02D1F77BFBBA}.Debug|x86.ActiveCfg = Debug|Any CPU
		{246E7056-40DB-4187-A4CA-02D1F77BFBBA}.Debug|x86.Build.0 = Debug|Any CPU
		{246E7056-40DB-4187-A4CA-02D1F77BFBBA}.Release|Any CPU.ActiveCfg = Release|Any CPU
		{246E7056-40DB-4187-A4CA-02D1F77BFBBA}.Release|Any CPU.Build.0 = Release|Any CPU
		{246E7056-40DB-4187-A4CA-02D1F77BFBBA}.Release|x64.ActiveCfg = Release|Any CPU
		{246E7056-40DB-4187-A4CA-02D1F77BFBBA}.Release|x64.Build.0 = Release|Any CPU
		{246E7056-40DB-4187-A4CA-02D1F77BFBBA}.Release|x86.ActiveCfg = Release|Any CPU
		{246E7056-40DB-4187-A4CA-02D1F77BFBBA}.Release|x86.Build.0 = Release|Any CPU
	EndGlobalSection
	GlobalSection(SolutionProperties) = preSolution
		HideSolutionNode = FALSE
	EndGlobalSection
	GlobalSection(NestedProjects) = preSolution
		{CD58A2A4-9940-4F13-9987-60A42F5FA3E0} = {05F43ACE-1B29-4D2D-8E11-4371C99E1241}
		{934A906B-633F-4CD8-83CF-CAE548783894} = {05F43ACE-1B29-4D2D-8E11-4371C99E1241}
		{F13F75B5-5B14-490F-82E8-7B04C06333A8} = {58E6A5F4-9C00-4060-B82B-94633ABCBC70}
		{4F72E69B-8C6F-4076-8A0D-21BDF550CA61} = {F13F75B5-5B14-490F-82E8-7B04C06333A8}
		{DC61BECC-A2DA-40DC-B2E9-20A715D3674C} = {F13F75B5-5B14-490F-82E8-7B04C06333A8}
		{EE2548F5-6915-48F4-B998-0FD127A7CED0} = {F13F75B5-5B14-490F-82E8-7B04C06333A8}
		{A72C4929-9599-4574-9815-0B23C8DAB493} = {F13F75B5-5B14-490F-82E8-7B04C06333A8}
		{B1FA678C-3ABC-4D11-9B1B-4AE862E294F1} = {05F43ACE-1B29-4D2D-8E11-4371C99E1241}
		{40BAFD65-B131-40D7-BFD2-2629384FB0A6} = {B1FA678C-3ABC-4D11-9B1B-4AE862E294F1}
		{9015BB1B-93FB-4EC7-9E96-4F5010C5A2D3} = {B1FA678C-3ABC-4D11-9B1B-4AE862E294F1}
		{2C36473B-6C88-4AFF-B903-FD7D009DCC1F} = {B1FA678C-3ABC-4D11-9B1B-4AE862E294F1}
		{6DC89018-261F-453E-BA41-F97EB0C56B23} = {B1FA678C-3ABC-4D11-9B1B-4AE862E294F1}
		{E37D3C31-1041-4DDD-BC39-4BBC7CB39DF1} = {B1FA678C-3ABC-4D11-9B1B-4AE862E294F1}
		{2DF45D67-A608-4F30-A49C-15584ADC2A83} = {B1FA678C-3ABC-4D11-9B1B-4AE862E294F1}
		{87E6402B-3A74-4730-98C5-D1BC795845FE} = {05F43ACE-1B29-4D2D-8E11-4371C99E1241}
		{F052E304-483D-4313-9D01-6561B51E6187} = {05F43ACE-1B29-4D2D-8E11-4371C99E1241}
		{5B93EC78-84F7-43A2-8E8C-A13BCF986515} = {934A906B-633F-4CD8-83CF-CAE548783894}
		{54EDB12F-71AB-48E6-B41F-E6E54510EEB2} = {934A906B-633F-4CD8-83CF-CAE548783894}
		{8F5F8987-85F0-46A5-9FA0-AD51D7276AFC} = {934A906B-633F-4CD8-83CF-CAE548783894}
		{FA5E6266-B574-48AD-B1DD-8E48008A8CA4} = {934A906B-633F-4CD8-83CF-CAE548783894}
		{F1CE0F1D-B8A9-4D22-955E-9FB53131BC50} = {934A906B-633F-4CD8-83CF-CAE548783894}
		{09C85FE8-E065-4A16-85A2-6CB912034CFF} = {B1FA678C-3ABC-4D11-9B1B-4AE862E294F1}
		{246E7056-40DB-4187-A4CA-02D1F77BFBBA} = {B1FA678C-3ABC-4D11-9B1B-4AE862E294F1}
	EndGlobalSection
	GlobalSection(ExtensibilityGlobals) = postSolution
		SolutionGuid = {4E7E5A7D-2CA8-4E9B-8D85-BD1F14175BD1}
	EndGlobalSection
EndGlobal
