
Microsoft Visual Studio Solution File, Format Version 12.00
# Visual Studio Version 17
VisualStudioVersion = 17.0.31612.314
MinimumVisualStudioVersion = 10.0.40219.1
Project("{2150E333-8FDC-42A3-9474-1A3956D46DE8}") = "src", "src", "{2BD200C1-9E19-4CA2-95AB-5BB640BBBDC9}"
EndProject
Project("{2150E333-8FDC-42A3-9474-1A3956D46DE8}") = "Application", "Application", "{B95502D1-2D3D-42F9-92A0-A01BF8921160}"
EndProject
Project("{9A19103F-16F7-4668-BE54-9A1E7A4F7556}") = "Aspire.Application", "src\Application\Aspire.Application\Aspire.Application.csproj", "{D3E4EA44-05E2-4F37-82D3-6616BF92DB8B}"
EndProject
Project("{9A19103F-16F7-4668-BE54-9A1E7A4F7556}") = "Aspire.Application.Crud", "src\Application\Aspire.Application.Crud\Aspire.Application.Crud.csproj", "{9A3D12D9-BE47-4B8C-BD1B-C82DDFE9E4BD}"
EndProject
Project("{9A19103F-16F7-4668-BE54-9A1E7A4F7556}") = "Aspire.Application.Crud.FreeSql", "src\Application\Aspire.Application.Crud.FreeSql\Aspire.Application.Crud.FreeSql.csproj", "{3933D1BF-48D9-431B-A198-62B3FA825EAD}"
EndProject
Project("{2150E333-8FDC-42A3-9474-1A3956D46DE8}") = "Authorization", "Authorization", "{12D76D8C-C618-4796-B3D9-048996BEFFC9}"
EndProject
Project("{9A19103F-16F7-4668-BE54-9A1E7A4F7556}") = "Aspire.Account", "src\Authorization\Aspire.Account\Aspire.Account.csproj", "{17F77CB1-093E-407A-B66A-D6C5007251C9}"
EndProject
Project("{2150E333-8FDC-42A3-9474-1A3956D46DE8}") = "Entity", "Entity", "{7A104DE1-715A-4B4E-B3F3-14281B5C5314}"
EndProject
Project("{9A19103F-16F7-4668-BE54-9A1E7A4F7556}") = "Aspire.Entity", "src\Entity\Aspire.Entity\Aspire.Entity.csproj", "{6666192C-787F-4ACB-B944-E661011BFEE4}"
EndProject
Project("{9A19103F-16F7-4668-BE54-9A1E7A4F7556}") = "Aspire.Entity.FreeSql", "src\Entity\Aspire.Entity.FreeSql\Aspire.Entity.FreeSql.csproj", "{729B6315-E42D-4D60-ADEF-3EFF112C2BED}"
EndProject
Project("{2150E333-8FDC-42A3-9474-1A3956D46DE8}") = "Infrastructure", "Infrastructure", "{338324B6-C25F-43A7-87F3-CCD502E877DE}"
EndProject
Project("{9A19103F-16F7-4668-BE54-9A1E7A4F7556}") = "Aspire", "src\Infrastructure\Aspire\Aspire.csproj", "{D5B32A19-67D7-4882-96A8-803A56DE3E1C}"
EndProject
Project("{2150E333-8FDC-42A3-9474-1A3956D46DE8}") = "Logger", "Logger", "{672D5659-CED7-422C-8BBF-065230D69370}"
EndProject
Project("{9A19103F-16F7-4668-BE54-9A1E7A4F7556}") = "Aspire.Logger.Abstract", "src\Logger\Aspire.Logger.Abstract\Aspire.Logger.Abstract.csproj", "{4DFF390D-D3EB-4E0D-BCDC-8AD2AB4333AB}"
EndProject
Project("{9A19103F-16F7-4668-BE54-9A1E7A4F7556}") = "Aspire.Logger.Serilog", "src\Logger\Aspire.Logger.Serilog\Aspire.Logger.Serilog.csproj", "{A031A6E5-5C20-4950-A8AC-3E383302DC64}"
EndProject
Project("{2150E333-8FDC-42A3-9474-1A3956D46DE8}") = "Mapper", "Mapper", "{F4D511DC-93A0-4D88-A2A3-408ACF32EADE}"
EndProject
Project("{9A19103F-16F7-4668-BE54-9A1E7A4F7556}") = "Aspire.Mapper.Abstract", "src\Mapper\Aspire.Mapper.Abstract\Aspire.Mapper.Abstract.csproj", "{E0417F88-AC76-4BE8-8DCE-2C639A924AC5}"
EndProject
Project("{9A19103F-16F7-4668-BE54-9A1E7A4F7556}") = "Aspire.Mapper.AutoMapper", "src\Mapper\Aspire.Mapper.AutoMapper\Aspire.Mapper.AutoMapper.csproj", "{9C04E2D4-7D74-47A8-BE20-401855E71277}"
EndProject
Project("{2150E333-8FDC-42A3-9474-1A3956D46DE8}") = "Repository", "Repository", "{2AA99AF8-8293-49A5-916A-FFCB5566BF04}"
EndProject
Project("{9A19103F-16F7-4668-BE54-9A1E7A4F7556}") = "Aspire.Repository.Abstract", "src\Repository\Aspire.Repository.Abstract\Aspire.Repository.Abstract.csproj", "{3F1CB0BC-9802-42B5-946F-B0F4781E0FD2}"
EndProject
Project("{9A19103F-16F7-4668-BE54-9A1E7A4F7556}") = "Aspire.Repository.FreeSql", "src\Repository\Aspire.Repository.FreeSql\Aspire.Repository.FreeSql.csproj", "{C6FDB184-DF2D-4456-AF59-17A66EC78F56}"
EndProject
Project("{9A19103F-16F7-4668-BE54-9A1E7A4F7556}") = "Aspire.Curd", "src\Infrastructure\Aspire.Crud\Aspire.Curd.csproj", "{93ED1588-B042-44DB-80B3-FD525CC04BDB}"
EndProject
Project("{2150E333-8FDC-42A3-9474-1A3956D46DE8}") = "Middleware", "Middleware", "{35CC9230-8AFA-4A13-99F9-1CE6F37FF7D1}"
EndProject
Project("{9A19103F-16F7-4668-BE54-9A1E7A4F7556}") = "Aspire.Middleware", "src\Middleware\Aspire.Middleware\Aspire.Middleware.csproj", "{3AF9F3F8-AD2D-4CE1-BDE1-34561C1582BC}"
EndProject
Project("{9A19103F-16F7-4668-BE54-9A1E7A4F7556}") = "Aspire.Middleware.FriendlyException", "src\Middleware\Aspire.Middleware.FriendlyException\Aspire.Middleware.FriendlyException.csproj", "{62135677-3AC3-4E01-B472-D272E8740C0A}"
EndProject
Project("{9A19103F-16F7-4668-BE54-9A1E7A4F7556}") = "Aspire.Middleware.RequestVerify", "src\Middleware\Aspire.Middleware.RequestVerify\Aspire.Middleware.RequestVerify.csproj", "{8DFEE910-F41B-4770-BEB2-FAA5E1C5B4D1}"
EndProject
Project("{9A19103F-16F7-4668-BE54-9A1E7A4F7556}") = "Aspire.Middleware.ResponseFormat", "src\Middleware\Aspire.Middleware.ResponseFormat\Aspire.Middleware.ResponseFormat.csproj", "{82226A06-5400-4814-B7B1-B3BDDBC19104}"
EndProject
Project("{2150E333-8FDC-42A3-9474-1A3956D46DE8}") = "Verify", "Verify", "{08C31855-C23A-4175-8E65-7871E0FEA08A}"
EndProject
Project("{9A19103F-16F7-4668-BE54-9A1E7A4F7556}") = "Aspire.Verify", "src\Verify\Aspire.Verify\Aspire.Verify.csproj", "{2FD65E19-9A45-47C1-AC79-A0E533C8BA4A}"
EndProject
Project("{9A19103F-16F7-4668-BE54-9A1E7A4F7556}") = "Aspire.Middleware.Auth", "src\Middleware\Aspire.Middleware.Auth\Aspire.Middleware.Auth.csproj", "{836D6139-BC1F-490C-BCC9-A848855A939A}"
EndProject
Project("{9A19103F-16F7-4668-BE54-9A1E7A4F7556}") = "Aspire.Middleware.RequestLog", "src\Middleware\Aspire.Middleware.RequestLog\Aspire.Middleware.RequestLog.csproj", "{CA0CB505-1BB6-484E-86E2-B4653EE50D63}"
EndProject
Project("{9A19103F-16F7-4668-BE54-9A1E7A4F7556}") = "Aspire.Middleware.ResponseLog", "src\Middleware\Aspire.Middleware.ResponseLog\Aspire.Middleware.ResponseLog.csproj", "{F18A0D35-5934-4FC9-BDB1-56676C35A110}"
EndProject
Project("{9A19103F-16F7-4668-BE54-9A1E7A4F7556}") = "Aspire.Application.Auth", "src\Application\Aspire.Application.Auth\Aspire.Application.Auth.csproj", "{A0495E32-1FB0-4C83-A764-D870A6B19A4F}"
EndProject
Project("{9A19103F-16F7-4668-BE54-9A1E7A4F7556}") = "Aspire.Application.Core", "src\Application\Aspire.Application.Core\Aspire.Application.Core.csproj", "{7B184813-882B-4910-AEE2-92D603FE1991}"
EndProject
Global
	GlobalSection(SolutionConfigurationPlatforms) = preSolution
		Debug|Any CPU = Debug|Any CPU
		Release|Any CPU = Release|Any CPU
	EndGlobalSection
	GlobalSection(ProjectConfigurationPlatforms) = postSolution
		{D3E4EA44-05E2-4F37-82D3-6616BF92DB8B}.Debug|Any CPU.ActiveCfg = Debug|Any CPU
		{D3E4EA44-05E2-4F37-82D3-6616BF92DB8B}.Debug|Any CPU.Build.0 = Debug|Any CPU
		{D3E4EA44-05E2-4F37-82D3-6616BF92DB8B}.Release|Any CPU.ActiveCfg = Release|Any CPU
		{D3E4EA44-05E2-4F37-82D3-6616BF92DB8B}.Release|Any CPU.Build.0 = Release|Any CPU
		{9A3D12D9-BE47-4B8C-BD1B-C82DDFE9E4BD}.Debug|Any CPU.ActiveCfg = Debug|Any CPU
		{9A3D12D9-BE47-4B8C-BD1B-C82DDFE9E4BD}.Debug|Any CPU.Build.0 = Debug|Any CPU
		{9A3D12D9-BE47-4B8C-BD1B-C82DDFE9E4BD}.Release|Any CPU.ActiveCfg = Release|Any CPU
		{9A3D12D9-BE47-4B8C-BD1B-C82DDFE9E4BD}.Release|Any CPU.Build.0 = Release|Any CPU
		{3933D1BF-48D9-431B-A198-62B3FA825EAD}.Debug|Any CPU.ActiveCfg = Debug|Any CPU
		{3933D1BF-48D9-431B-A198-62B3FA825EAD}.Debug|Any CPU.Build.0 = Debug|Any CPU
		{3933D1BF-48D9-431B-A198-62B3FA825EAD}.Release|Any CPU.ActiveCfg = Release|Any CPU
		{3933D1BF-48D9-431B-A198-62B3FA825EAD}.Release|Any CPU.Build.0 = Release|Any CPU
		{17F77CB1-093E-407A-B66A-D6C5007251C9}.Debug|Any CPU.ActiveCfg = Debug|Any CPU
		{17F77CB1-093E-407A-B66A-D6C5007251C9}.Debug|Any CPU.Build.0 = Debug|Any CPU
		{17F77CB1-093E-407A-B66A-D6C5007251C9}.Release|Any CPU.ActiveCfg = Release|Any CPU
		{17F77CB1-093E-407A-B66A-D6C5007251C9}.Release|Any CPU.Build.0 = Release|Any CPU
		{6666192C-787F-4ACB-B944-E661011BFEE4}.Debug|Any CPU.ActiveCfg = Debug|Any CPU
		{6666192C-787F-4ACB-B944-E661011BFEE4}.Debug|Any CPU.Build.0 = Debug|Any CPU
		{6666192C-787F-4ACB-B944-E661011BFEE4}.Release|Any CPU.ActiveCfg = Release|Any CPU
		{6666192C-787F-4ACB-B944-E661011BFEE4}.Release|Any CPU.Build.0 = Release|Any CPU
		{729B6315-E42D-4D60-ADEF-3EFF112C2BED}.Debug|Any CPU.ActiveCfg = Debug|Any CPU
		{729B6315-E42D-4D60-ADEF-3EFF112C2BED}.Debug|Any CPU.Build.0 = Debug|Any CPU
		{729B6315-E42D-4D60-ADEF-3EFF112C2BED}.Release|Any CPU.ActiveCfg = Release|Any CPU
		{729B6315-E42D-4D60-ADEF-3EFF112C2BED}.Release|Any CPU.Build.0 = Release|Any CPU
		{D5B32A19-67D7-4882-96A8-803A56DE3E1C}.Debug|Any CPU.ActiveCfg = Debug|Any CPU
		{D5B32A19-67D7-4882-96A8-803A56DE3E1C}.Debug|Any CPU.Build.0 = Debug|Any CPU
		{D5B32A19-67D7-4882-96A8-803A56DE3E1C}.Release|Any CPU.ActiveCfg = Release|Any CPU
		{D5B32A19-67D7-4882-96A8-803A56DE3E1C}.Release|Any CPU.Build.0 = Release|Any CPU
		{4DFF390D-D3EB-4E0D-BCDC-8AD2AB4333AB}.Debug|Any CPU.ActiveCfg = Debug|Any CPU
		{4DFF390D-D3EB-4E0D-BCDC-8AD2AB4333AB}.Debug|Any CPU.Build.0 = Debug|Any CPU
		{4DFF390D-D3EB-4E0D-BCDC-8AD2AB4333AB}.Release|Any CPU.ActiveCfg = Release|Any CPU
		{4DFF390D-D3EB-4E0D-BCDC-8AD2AB4333AB}.Release|Any CPU.Build.0 = Release|Any CPU
		{A031A6E5-5C20-4950-A8AC-3E383302DC64}.Debug|Any CPU.ActiveCfg = Debug|Any CPU
		{A031A6E5-5C20-4950-A8AC-3E383302DC64}.Debug|Any CPU.Build.0 = Debug|Any CPU
		{A031A6E5-5C20-4950-A8AC-3E383302DC64}.Release|Any CPU.ActiveCfg = Release|Any CPU
		{A031A6E5-5C20-4950-A8AC-3E383302DC64}.Release|Any CPU.Build.0 = Release|Any CPU
		{E0417F88-AC76-4BE8-8DCE-2C639A924AC5}.Debug|Any CPU.ActiveCfg = Debug|Any CPU
		{E0417F88-AC76-4BE8-8DCE-2C639A924AC5}.Debug|Any CPU.Build.0 = Debug|Any CPU
		{E0417F88-AC76-4BE8-8DCE-2C639A924AC5}.Release|Any CPU.ActiveCfg = Release|Any CPU
		{E0417F88-AC76-4BE8-8DCE-2C639A924AC5}.Release|Any CPU.Build.0 = Release|Any CPU
		{9C04E2D4-7D74-47A8-BE20-401855E71277}.Debug|Any CPU.ActiveCfg = Debug|Any CPU
		{9C04E2D4-7D74-47A8-BE20-401855E71277}.Debug|Any CPU.Build.0 = Debug|Any CPU
		{9C04E2D4-7D74-47A8-BE20-401855E71277}.Release|Any CPU.ActiveCfg = Release|Any CPU
		{9C04E2D4-7D74-47A8-BE20-401855E71277}.Release|Any CPU.Build.0 = Release|Any CPU
		{3F1CB0BC-9802-42B5-946F-B0F4781E0FD2}.Debug|Any CPU.ActiveCfg = Debug|Any CPU
		{3F1CB0BC-9802-42B5-946F-B0F4781E0FD2}.Debug|Any CPU.Build.0 = Debug|Any CPU
		{3F1CB0BC-9802-42B5-946F-B0F4781E0FD2}.Release|Any CPU.ActiveCfg = Release|Any CPU
		{3F1CB0BC-9802-42B5-946F-B0F4781E0FD2}.Release|Any CPU.Build.0 = Release|Any CPU
		{C6FDB184-DF2D-4456-AF59-17A66EC78F56}.Debug|Any CPU.ActiveCfg = Debug|Any CPU
		{C6FDB184-DF2D-4456-AF59-17A66EC78F56}.Debug|Any CPU.Build.0 = Debug|Any CPU
		{C6FDB184-DF2D-4456-AF59-17A66EC78F56}.Release|Any CPU.ActiveCfg = Release|Any CPU
		{C6FDB184-DF2D-4456-AF59-17A66EC78F56}.Release|Any CPU.Build.0 = Release|Any CPU
		{93ED1588-B042-44DB-80B3-FD525CC04BDB}.Debug|Any CPU.ActiveCfg = Debug|Any CPU
		{93ED1588-B042-44DB-80B3-FD525CC04BDB}.Debug|Any CPU.Build.0 = Debug|Any CPU
		{93ED1588-B042-44DB-80B3-FD525CC04BDB}.Release|Any CPU.ActiveCfg = Release|Any CPU
		{93ED1588-B042-44DB-80B3-FD525CC04BDB}.Release|Any CPU.Build.0 = Release|Any CPU
		{3AF9F3F8-AD2D-4CE1-BDE1-34561C1582BC}.Debug|Any CPU.ActiveCfg = Debug|Any CPU
		{3AF9F3F8-AD2D-4CE1-BDE1-34561C1582BC}.Debug|Any CPU.Build.0 = Debug|Any CPU
		{3AF9F3F8-AD2D-4CE1-BDE1-34561C1582BC}.Release|Any CPU.ActiveCfg = Release|Any CPU
		{3AF9F3F8-AD2D-4CE1-BDE1-34561C1582BC}.Release|Any CPU.Build.0 = Release|Any CPU
		{62135677-3AC3-4E01-B472-D272E8740C0A}.Debug|Any CPU.ActiveCfg = Debug|Any CPU
		{62135677-3AC3-4E01-B472-D272E8740C0A}.Debug|Any CPU.Build.0 = Debug|Any CPU
		{62135677-3AC3-4E01-B472-D272E8740C0A}.Release|Any CPU.ActiveCfg = Release|Any CPU
		{62135677-3AC3-4E01-B472-D272E8740C0A}.Release|Any CPU.Build.0 = Release|Any CPU
		{8DFEE910-F41B-4770-BEB2-FAA5E1C5B4D1}.Debug|Any CPU.ActiveCfg = Debug|Any CPU
		{8DFEE910-F41B-4770-BEB2-FAA5E1C5B4D1}.Debug|Any CPU.Build.0 = Debug|Any CPU
		{8DFEE910-F41B-4770-BEB2-FAA5E1C5B4D1}.Release|Any CPU.ActiveCfg = Release|Any CPU
		{8DFEE910-F41B-4770-BEB2-FAA5E1C5B4D1}.Release|Any CPU.Build.0 = Release|Any CPU
		{82226A06-5400-4814-B7B1-B3BDDBC19104}.Debug|Any CPU.ActiveCfg = Debug|Any CPU
		{82226A06-5400-4814-B7B1-B3BDDBC19104}.Debug|Any CPU.Build.0 = Debug|Any CPU
		{82226A06-5400-4814-B7B1-B3BDDBC19104}.Release|Any CPU.ActiveCfg = Release|Any CPU
		{82226A06-5400-4814-B7B1-B3BDDBC19104}.Release|Any CPU.Build.0 = Release|Any CPU
		{2FD65E19-9A45-47C1-AC79-A0E533C8BA4A}.Debug|Any CPU.ActiveCfg = Debug|Any CPU
		{2FD65E19-9A45-47C1-AC79-A0E533C8BA4A}.Debug|Any CPU.Build.0 = Debug|Any CPU
		{2FD65E19-9A45-47C1-AC79-A0E533C8BA4A}.Release|Any CPU.ActiveCfg = Release|Any CPU
		{2FD65E19-9A45-47C1-AC79-A0E533C8BA4A}.Release|Any CPU.Build.0 = Release|Any CPU
		{836D6139-BC1F-490C-BCC9-A848855A939A}.Debug|Any CPU.ActiveCfg = Debug|Any CPU
		{836D6139-BC1F-490C-BCC9-A848855A939A}.Debug|Any CPU.Build.0 = Debug|Any CPU
		{836D6139-BC1F-490C-BCC9-A848855A939A}.Release|Any CPU.ActiveCfg = Release|Any CPU
		{836D6139-BC1F-490C-BCC9-A848855A939A}.Release|Any CPU.Build.0 = Release|Any CPU
		{CA0CB505-1BB6-484E-86E2-B4653EE50D63}.Debug|Any CPU.ActiveCfg = Debug|Any CPU
		{CA0CB505-1BB6-484E-86E2-B4653EE50D63}.Debug|Any CPU.Build.0 = Debug|Any CPU
		{CA0CB505-1BB6-484E-86E2-B4653EE50D63}.Release|Any CPU.ActiveCfg = Release|Any CPU
		{CA0CB505-1BB6-484E-86E2-B4653EE50D63}.Release|Any CPU.Build.0 = Release|Any CPU
		{F18A0D35-5934-4FC9-BDB1-56676C35A110}.Debug|Any CPU.ActiveCfg = Debug|Any CPU
		{F18A0D35-5934-4FC9-BDB1-56676C35A110}.Debug|Any CPU.Build.0 = Debug|Any CPU
		{F18A0D35-5934-4FC9-BDB1-56676C35A110}.Release|Any CPU.ActiveCfg = Release|Any CPU
		{F18A0D35-5934-4FC9-BDB1-56676C35A110}.Release|Any CPU.Build.0 = Release|Any CPU
		{A0495E32-1FB0-4C83-A764-D870A6B19A4F}.Debug|Any CPU.ActiveCfg = Debug|Any CPU
		{A0495E32-1FB0-4C83-A764-D870A6B19A4F}.Debug|Any CPU.Build.0 = Debug|Any CPU
		{A0495E32-1FB0-4C83-A764-D870A6B19A4F}.Release|Any CPU.ActiveCfg = Release|Any CPU
		{A0495E32-1FB0-4C83-A764-D870A6B19A4F}.Release|Any CPU.Build.0 = Release|Any CPU
		{7B184813-882B-4910-AEE2-92D603FE1991}.Debug|Any CPU.ActiveCfg = Debug|Any CPU
		{7B184813-882B-4910-AEE2-92D603FE1991}.Debug|Any CPU.Build.0 = Debug|Any CPU
		{7B184813-882B-4910-AEE2-92D603FE1991}.Release|Any CPU.ActiveCfg = Release|Any CPU
		{7B184813-882B-4910-AEE2-92D603FE1991}.Release|Any CPU.Build.0 = Release|Any CPU
	EndGlobalSection
	GlobalSection(SolutionProperties) = preSolution
		HideSolutionNode = FALSE
	EndGlobalSection
	GlobalSection(NestedProjects) = preSolution
		{B95502D1-2D3D-42F9-92A0-A01BF8921160} = {2BD200C1-9E19-4CA2-95AB-5BB640BBBDC9}
		{D3E4EA44-05E2-4F37-82D3-6616BF92DB8B} = {B95502D1-2D3D-42F9-92A0-A01BF8921160}
		{9A3D12D9-BE47-4B8C-BD1B-C82DDFE9E4BD} = {B95502D1-2D3D-42F9-92A0-A01BF8921160}
		{3933D1BF-48D9-431B-A198-62B3FA825EAD} = {B95502D1-2D3D-42F9-92A0-A01BF8921160}
		{12D76D8C-C618-4796-B3D9-048996BEFFC9} = {2BD200C1-9E19-4CA2-95AB-5BB640BBBDC9}
		{17F77CB1-093E-407A-B66A-D6C5007251C9} = {12D76D8C-C618-4796-B3D9-048996BEFFC9}
		{7A104DE1-715A-4B4E-B3F3-14281B5C5314} = {2BD200C1-9E19-4CA2-95AB-5BB640BBBDC9}
		{6666192C-787F-4ACB-B944-E661011BFEE4} = {7A104DE1-715A-4B4E-B3F3-14281B5C5314}
		{729B6315-E42D-4D60-ADEF-3EFF112C2BED} = {7A104DE1-715A-4B4E-B3F3-14281B5C5314}
		{338324B6-C25F-43A7-87F3-CCD502E877DE} = {2BD200C1-9E19-4CA2-95AB-5BB640BBBDC9}
		{D5B32A19-67D7-4882-96A8-803A56DE3E1C} = {338324B6-C25F-43A7-87F3-CCD502E877DE}
		{672D5659-CED7-422C-8BBF-065230D69370} = {2BD200C1-9E19-4CA2-95AB-5BB640BBBDC9}
		{4DFF390D-D3EB-4E0D-BCDC-8AD2AB4333AB} = {672D5659-CED7-422C-8BBF-065230D69370}
		{A031A6E5-5C20-4950-A8AC-3E383302DC64} = {672D5659-CED7-422C-8BBF-065230D69370}
		{F4D511DC-93A0-4D88-A2A3-408ACF32EADE} = {2BD200C1-9E19-4CA2-95AB-5BB640BBBDC9}
		{E0417F88-AC76-4BE8-8DCE-2C639A924AC5} = {F4D511DC-93A0-4D88-A2A3-408ACF32EADE}
		{9C04E2D4-7D74-47A8-BE20-401855E71277} = {F4D511DC-93A0-4D88-A2A3-408ACF32EADE}
		{2AA99AF8-8293-49A5-916A-FFCB5566BF04} = {2BD200C1-9E19-4CA2-95AB-5BB640BBBDC9}
		{3F1CB0BC-9802-42B5-946F-B0F4781E0FD2} = {2AA99AF8-8293-49A5-916A-FFCB5566BF04}
		{C6FDB184-DF2D-4456-AF59-17A66EC78F56} = {2AA99AF8-8293-49A5-916A-FFCB5566BF04}
		{93ED1588-B042-44DB-80B3-FD525CC04BDB} = {338324B6-C25F-43A7-87F3-CCD502E877DE}
		{35CC9230-8AFA-4A13-99F9-1CE6F37FF7D1} = {2BD200C1-9E19-4CA2-95AB-5BB640BBBDC9}
		{3AF9F3F8-AD2D-4CE1-BDE1-34561C1582BC} = {35CC9230-8AFA-4A13-99F9-1CE6F37FF7D1}
		{62135677-3AC3-4E01-B472-D272E8740C0A} = {35CC9230-8AFA-4A13-99F9-1CE6F37FF7D1}
		{8DFEE910-F41B-4770-BEB2-FAA5E1C5B4D1} = {35CC9230-8AFA-4A13-99F9-1CE6F37FF7D1}
		{82226A06-5400-4814-B7B1-B3BDDBC19104} = {35CC9230-8AFA-4A13-99F9-1CE6F37FF7D1}
		{08C31855-C23A-4175-8E65-7871E0FEA08A} = {2BD200C1-9E19-4CA2-95AB-5BB640BBBDC9}
		{2FD65E19-9A45-47C1-AC79-A0E533C8BA4A} = {08C31855-C23A-4175-8E65-7871E0FEA08A}
		{836D6139-BC1F-490C-BCC9-A848855A939A} = {35CC9230-8AFA-4A13-99F9-1CE6F37FF7D1}
		{CA0CB505-1BB6-484E-86E2-B4653EE50D63} = {35CC9230-8AFA-4A13-99F9-1CE6F37FF7D1}
		{F18A0D35-5934-4FC9-BDB1-56676C35A110} = {35CC9230-8AFA-4A13-99F9-1CE6F37FF7D1}
		{A0495E32-1FB0-4C83-A764-D870A6B19A4F} = {B95502D1-2D3D-42F9-92A0-A01BF8921160}
		{7B184813-882B-4910-AEE2-92D603FE1991} = {B95502D1-2D3D-42F9-92A0-A01BF8921160}
	EndGlobalSection
	GlobalSection(ExtensibilityGlobals) = postSolution
		SolutionGuid = {CFDF950F-C37B-49A4-A267-EB7FEA97A410}
	EndGlobalSection
EndGlobal
